// !$*UTF8*$!
{
	archiveVersion = 1;
	classes = {
	};
	objectVersion = 46;
	objects = {

/* Begin PBXBuildFile section */
		A93846E81CE47E82007FB6BC /* FilterListPresenter.swift in Sources */ = {isa = PBXBuildFile; fileRef = A93846E71CE47E82007FB6BC /* FilterListPresenter.swift */; };
		A93846EA1CE47E9C007FB6BC /* FilterListPresenterInterface.swift in Sources */ = {isa = PBXBuildFile; fileRef = A93846E91CE47E9C007FB6BC /* FilterListPresenterInterface.swift */; };
		A93846EC1CE47EE2007FB6BC /* FilterListView.swift in Sources */ = {isa = PBXBuildFile; fileRef = A93846EB1CE47EE2007FB6BC /* FilterListView.swift */; };
		A93846EE1CE47EF0007FB6BC /* FilterListInterface.swift in Sources */ = {isa = PBXBuildFile; fileRef = A93846ED1CE47EF0007FB6BC /* FilterListInterface.swift */; };
		A93846F01CE47F67007FB6BC /* FilterListWireframe.swift in Sources */ = {isa = PBXBuildFile; fileRef = A93846EF1CE47F67007FB6BC /* FilterListWireframe.swift */; };
		A93846F31CE4809F007FB6BC /* FilterListDismissalTransition.swift in Sources */ = {isa = PBXBuildFile; fileRef = A93846F21CE4809F007FB6BC /* FilterListDismissalTransition.swift */; };
		A93846F51CE480AA007FB6BC /* FilterListPresentationTransition.swift in Sources */ = {isa = PBXBuildFile; fileRef = A93846F41CE480AA007FB6BC /* FilterListPresentationTransition.swift */; };
		A93846F71CE49340007FB6BC /* FilterListView.xib in Resources */ = {isa = PBXBuildFile; fileRef = A93846F61CE49340007FB6BC /* FilterListView.xib */; };
		A943015F1CE5CF2000DC0DF8 /* PlayerPresenter.swift in Sources */ = {isa = PBXBuildFile; fileRef = A943015E1CE5CF2000DC0DF8 /* PlayerPresenter.swift */; };
		A94301611CE5CF2700DC0DF8 /* PlayerPresenterInterface.swift in Sources */ = {isa = PBXBuildFile; fileRef = A94301601CE5CF2700DC0DF8 /* PlayerPresenterInterface.swift */; };
		A94301631CE5CF3900DC0DF8 /* PlayerView.swift in Sources */ = {isa = PBXBuildFile; fileRef = A94301621CE5CF3900DC0DF8 /* PlayerView.swift */; };
		A94301651CE5CF4600DC0DF8 /* PlayerInterface.swift in Sources */ = {isa = PBXBuildFile; fileRef = A94301641CE5CF4600DC0DF8 /* PlayerInterface.swift */; };
		A94301671CE5CF4F00DC0DF8 /* PlayerWireframe.swift in Sources */ = {isa = PBXBuildFile; fileRef = A94301661CE5CF4F00DC0DF8 /* PlayerWireframe.swift */; };
		A94301691CE5CF5800DC0DF8 /* PlayerView.xib in Resources */ = {isa = PBXBuildFile; fileRef = A94301681CE5CF5800DC0DF8 /* PlayerView.xib */; };
		A943016E1CE5D99E00DC0DF8 /* SocialNetwork.swift in Sources */ = {isa = PBXBuildFile; fileRef = A943016D1CE5D99E00DC0DF8 /* SocialNetwork.swift */; };
		A94301701CE5DAA100DC0DF8 /* SocialNetworkProvider.swift in Sources */ = {isa = PBXBuildFile; fileRef = A943016F1CE5DAA100DC0DF8 /* SocialNetworkProvider.swift */; };
		A94301721CE5DD8B00DC0DF8 /* ShareInteractor.swift in Sources */ = {isa = PBXBuildFile; fileRef = A94301711CE5DD8B00DC0DF8 /* ShareInteractor.swift */; };
		A94301741CE5DFA100DC0DF8 /* ShareInteractorInterface.swift in Sources */ = {isa = PBXBuildFile; fileRef = A94301731CE5DFA100DC0DF8 /* ShareInteractorInterface.swift */; };
		A94301761CE5EEE200DC0DF8 /* FilterListInteractor.swift in Sources */ = {isa = PBXBuildFile; fileRef = A94301751CE5EEE200DC0DF8 /* FilterListInteractor.swift */; };
		A94301781CE5EEED00DC0DF8 /* FilterListInteractorInterface.swift in Sources */ = {isa = PBXBuildFile; fileRef = A94301771CE5EEED00DC0DF8 /* FilterListInteractorInterface.swift */; };
		A95628CD1CF6FE1400EE4B85 /* AddFilterInteractorTest.swift in Sources */ = {isa = PBXBuildFile; fileRef = A95628CC1CF6FE1400EE4B85 /* AddFilterInteractorTest.swift */; };
		A95628CF1CF7049100EE4B85 /* VideonaUITests.swift in Sources */ = {isa = PBXBuildFile; fileRef = A95628CE1CF7049100EE4B85 /* VideonaUITests.swift */; };
		A95628D11CF70A1300EE4B85 /* ShowFlashUITest.swift in Sources */ = {isa = PBXBuildFile; fileRef = A95628D01CF70A1300EE4B85 /* ShowFlashUITest.swift */; };
		A95628D31CF7157500EE4B85 /* EffectTest.swift in Sources */ = {isa = PBXBuildFile; fileRef = A95628D21CF7157500EE4B85 /* EffectTest.swift */; };
		A95628D51CF734F900EE4B85 /* filter_free.png in Resources */ = {isa = PBXBuildFile; fileRef = A95628D41CF734F900EE4B85 /* filter_free.png */; };
		A95B24351CD8890900F78AAF /* AppDelegate.swift in Sources */ = {isa = PBXBuildFile; fileRef = A95B24341CD8890900F78AAF /* AppDelegate.swift */; };
		A95B24371CD8890900F78AAF /* RecordController.swift in Sources */ = {isa = PBXBuildFile; fileRef = A95B24361CD8890900F78AAF /* RecordController.swift */; };
		A95B243A1CD8890900F78AAF /* Main.storyboard in Resources */ = {isa = PBXBuildFile; fileRef = A95B24381CD8890900F78AAF /* Main.storyboard */; };
		A95B243C1CD8890900F78AAF /* Assets.xcassets in Resources */ = {isa = PBXBuildFile; fileRef = A95B243B1CD8890900F78AAF /* Assets.xcassets */; };
		A95B243F1CD8890900F78AAF /* LaunchScreen.storyboard in Resources */ = {isa = PBXBuildFile; fileRef = A95B243D1CD8890900F78AAF /* LaunchScreen.storyboard */; };
		A95B244A1CD8890A00F78AAF /* VideonaTests.swift in Sources */ = {isa = PBXBuildFile; fileRef = A95B24491CD8890A00F78AAF /* VideonaTests.swift */; };
		A95B246B1CD88AC100F78AAF /* RecordWireframe.swift in Sources */ = {isa = PBXBuildFile; fileRef = A95B246A1CD88AC100F78AAF /* RecordWireframe.swift */; };
		A95B246E1CD88C2D00F78AAF /* RecordViewInterface.swift in Sources */ = {isa = PBXBuildFile; fileRef = A95B246D1CD88C2D00F78AAF /* RecordViewInterface.swift */; };
		A95B24711CD88C4B00F78AAF /* RecordPresenter.swift in Sources */ = {isa = PBXBuildFile; fileRef = A95B24701CD88C4B00F78AAF /* RecordPresenter.swift */; };
		A95B24761CD8B90700F78AAF /* AppDependencies.swift in Sources */ = {isa = PBXBuildFile; fileRef = A95B24751CD8B90700F78AAF /* AppDependencies.swift */; };
		A95B247A1CD8B96E00F78AAF /* RootWireframe.swift in Sources */ = {isa = PBXBuildFile; fileRef = A95B24791CD8B96E00F78AAF /* RootWireframe.swift */; };
		A95B247C1CD8B9F200F78AAF /* RecordPresenterInterfaceIO.swift in Sources */ = {isa = PBXBuildFile; fileRef = A95B247B1CD8B9F200F78AAF /* RecordPresenterInterfaceIO.swift */; };
		A95B248B1CD8ED2200F78AAF /* IntroViewController.swift in Sources */ = {isa = PBXBuildFile; fileRef = A95B248A1CD8ED2200F78AAF /* IntroViewController.swift */; };
		A95D3BDE1CEB0320001F2272 /* SettingsContent.swift in Sources */ = {isa = PBXBuildFile; fileRef = A95D3BDD1CEB0320001F2272 /* SettingsContent.swift */; };
		A95D3BE01CEB045F001F2272 /* SettingsProvider.swift in Sources */ = {isa = PBXBuildFile; fileRef = A95D3BDF1CEB045F001F2272 /* SettingsProvider.swift */; };
		A95D3BE31CEB6B77001F2272 /* Utils.swift in Sources */ = {isa = PBXBuildFile; fileRef = A95D3BE21CEB6B77001F2272 /* Utils.swift */; };
		A95D3BE81CEB7141001F2272 /* PlayerItem.swift in Sources */ = {isa = PBXBuildFile; fileRef = A95D3BE71CEB7141001F2272 /* PlayerItem.swift */; };
		A95D3BEA1CEB7158001F2272 /* PlayerProvider.swift in Sources */ = {isa = PBXBuildFile; fileRef = A95D3BE91CEB7158001F2272 /* PlayerProvider.swift */; };
		A95D3BEE1CEB72CC001F2272 /* PlayerInteractor.swift in Sources */ = {isa = PBXBuildFile; fileRef = A95D3BED1CEB72CC001F2272 /* PlayerInteractor.swift */; };
		A95D3BF01CEB7356001F2272 /* PlayerInteractorInterface.swift in Sources */ = {isa = PBXBuildFile; fileRef = A95D3BEF1CEB7356001F2272 /* PlayerInteractorInterface.swift */; };
		A95D3BF31CEB76D7001F2272 /* video.mp4 in Resources */ = {isa = PBXBuildFile; fileRef = A95D3BF21CEB7686001F2272 /* video.mp4 */; };
		A965BDBC1CDA0758002579CA /* IntroPresenter.swift in Sources */ = {isa = PBXBuildFile; fileRef = A965BDBB1CDA0758002579CA /* IntroPresenter.swift */; };
		A965BDBF1CDA076C002579CA /* IntroWireframe.swift in Sources */ = {isa = PBXBuildFile; fileRef = A965BDBE1CDA076C002579CA /* IntroWireframe.swift */; };
		A965BDC11CDA0F1D002579CA /* IntroViewInterface.swift in Sources */ = {isa = PBXBuildFile; fileRef = A965BDC01CDA0F1D002579CA /* IntroViewInterface.swift */; };
		A965BDC31CDA1171002579CA /* IntroPresenterInterface.swift in Sources */ = {isa = PBXBuildFile; fileRef = A965BDC21CDA1171002579CA /* IntroPresenterInterface.swift */; };
		A965C7EC1CF58467001E2D39 /* CameraInteractor.swift in Sources */ = {isa = PBXBuildFile; fileRef = A965C7EB1CF58467001E2D39 /* CameraInteractor.swift */; };
		A96732FE1CE6309C007BE340 /* SettingsInteractor.swift in Sources */ = {isa = PBXBuildFile; fileRef = A96732FD1CE6309C007BE340 /* SettingsInteractor.swift */; };
		A96733001CE630AD007BE340 /* SettingsInteractorInterface.swift in Sources */ = {isa = PBXBuildFile; fileRef = A96732FF1CE630AD007BE340 /* SettingsInteractorInterface.swift */; };
		A98A93B51CF58870004E1DB7 /* GPUImage.framework in Frameworks */ = {isa = PBXBuildFile; fileRef = A98A93B21CF58866004E1DB7 /* GPUImage.framework */; };
		A98A93B61CF58874004E1DB7 /* GPUImage.framework in CopyFiles */ = {isa = PBXBuildFile; fileRef = A98A93B21CF58866004E1DB7 /* GPUImage.framework */; settings = {ATTRIBUTES = (CodeSignOnCopy, RemoveHeadersOnCopy, ); }; };
		A98A93BB1CF5903C004E1DB7 /* AddFilterInteractor.swift in Sources */ = {isa = PBXBuildFile; fileRef = A98A93BA1CF5903C004E1DB7 /* AddFilterInteractor.swift */; };
		A98A93BD1CF59155004E1DB7 /* ChangeFilterInteractor.swift in Sources */ = {isa = PBXBuildFile; fileRef = A98A93BC1CF59155004E1DB7 /* ChangeFilterInteractor.swift */; };
		A98A93C41CF5BAF6004E1DB7 /* EffectDictionary.swift in Sources */ = {isa = PBXBuildFile; fileRef = A98A93C31CF5BAF6004E1DB7 /* EffectDictionary.swift */; };
		A99278501CE3647B009DC364 /* SettingsPresenter.swift in Sources */ = {isa = PBXBuildFile; fileRef = A992784F1CE3647B009DC364 /* SettingsPresenter.swift */; };
		A99278531CE364E6009DC364 /* SettingsPresenterInterface.swift in Sources */ = {isa = PBXBuildFile; fileRef = A99278521CE364E6009DC364 /* SettingsPresenterInterface.swift */; };
		A99278551CE3650C009DC364 /* SettingsViewController.swift in Sources */ = {isa = PBXBuildFile; fileRef = A99278541CE3650C009DC364 /* SettingsViewController.swift */; };
		A99278571CE36517009DC364 /* SettingsInterface.swift in Sources */ = {isa = PBXBuildFile; fileRef = A99278561CE36517009DC364 /* SettingsInterface.swift */; };
		A99278591CE36524009DC364 /* SettingsWireframe.swift in Sources */ = {isa = PBXBuildFile; fileRef = A99278581CE36524009DC364 /* SettingsWireframe.swift */; };
		A9B118171CE378B9001A1177 /* SharePresenter.swift in Sources */ = {isa = PBXBuildFile; fileRef = A9B118161CE378B9001A1177 /* SharePresenter.swift */; };
		A9B118191CE378C2001A1177 /* SharePresenterInterface.swift in Sources */ = {isa = PBXBuildFile; fileRef = A9B118181CE378C2001A1177 /* SharePresenterInterface.swift */; };
		A9B1181B1CE378D3001A1177 /* ShareViewController.swift in Sources */ = {isa = PBXBuildFile; fileRef = A9B1181A1CE378D3001A1177 /* ShareViewController.swift */; };
		A9B1181D1CE378DC001A1177 /* ShareInterface.swift in Sources */ = {isa = PBXBuildFile; fileRef = A9B1181C1CE378DC001A1177 /* ShareInterface.swift */; };
		A9B1181F1CE378E8001A1177 /* ShareWireframe.swift in Sources */ = {isa = PBXBuildFile; fileRef = A9B1181E1CE378E8001A1177 /* ShareWireframe.swift */; };
		A9D76AE71CF5E9CB00F7FB47 /* RemoveFilterInteractor.swift in Sources */ = {isa = PBXBuildFile; fileRef = A9D76AE61CF5E9CB00F7FB47 /* RemoveFilterInteractor.swift */; };
		A9D76B041CF5FB8700F7FB47 /* autumn.png in Resources */ = {isa = PBXBuildFile; fileRef = A9D76AF01CF5FB8700F7FB47 /* autumn.png */; };
		A9D76B051CF5FB8700F7FB47 /* bokeh.png in Resources */ = {isa = PBXBuildFile; fileRef = A9D76AF11CF5FB8700F7FB47 /* bokeh.png */; };
		A9D76B061CF5FB8700F7FB47 /* burn.png in Resources */ = {isa = PBXBuildFile; fileRef = A9D76AF21CF5FB8700F7FB47 /* burn.png */; };
		A9D76B071CF5FB8700F7FB47 /* cctv.png in Resources */ = {isa = PBXBuildFile; fileRef = A9D76AF31CF5FB8700F7FB47 /* cctv.png */; };
		A9D76B081CF5FB8700F7FB47 /* color_stain.png in Resources */ = {isa = PBXBuildFile; fileRef = A9D76AF41CF5FB8700F7FB47 /* color_stain.png */; };
		A9D76B091CF5FB8700F7FB47 /* dark.png in Resources */ = {isa = PBXBuildFile; fileRef = A9D76AF51CF5FB8700F7FB47 /* dark.png */; };
		A9D76B0A1CF5FB8700F7FB47 /* game.jpg in Resources */ = {isa = PBXBuildFile; fileRef = A9D76AF61CF5FB8700F7FB47 /* game.jpg */; };
		A9D76B0B1CF5FB8700F7FB47 /* mist.png in Resources */ = {isa = PBXBuildFile; fileRef = A9D76AF71CF5FB8700F7FB47 /* mist.png */; };
		A9D76B0C1CF5FB8700F7FB47 /* old.png in Resources */ = {isa = PBXBuildFile; fileRef = A9D76AF81CF5FB8700F7FB47 /* old.png */; };
		A9D76B0D1CF5FB8700F7FB47 /* passion.png in Resources */ = {isa = PBXBuildFile; fileRef = A9D76AF91CF5FB8700F7FB47 /* passion.png */; };
		A9D76B0E1CF5FB8700F7FB47 /* pastel.png in Resources */ = {isa = PBXBuildFile; fileRef = A9D76AFA1CF5FB8700F7FB47 /* pastel.png */; };
		A9D76B0F1CF5FB8700F7FB47 /* polaroid.png in Resources */ = {isa = PBXBuildFile; fileRef = A9D76AFB1CF5FB8700F7FB47 /* polaroid.png */; };
		A9D76B101CF5FB8700F7FB47 /* pride.png in Resources */ = {isa = PBXBuildFile; fileRef = A9D76AFC1CF5FB8700F7FB47 /* pride.png */; };
		A9D76B111CF5FB8700F7FB47 /* rain.png in Resources */ = {isa = PBXBuildFile; fileRef = A9D76AFD1CF5FB8700F7FB47 /* rain.png */; };
		A9D76B121CF5FB8700F7FB47 /* retrotv.png in Resources */ = {isa = PBXBuildFile; fileRef = A9D76AFE1CF5FB8700F7FB47 /* retrotv.png */; };
		A9D76B131CF5FB8700F7FB47 /* spring.png in Resources */ = {isa = PBXBuildFile; fileRef = A9D76AFF1CF5FB8700F7FB47 /* spring.png */; };
		A9D76B141CF5FB8700F7FB47 /* summer.png in Resources */ = {isa = PBXBuildFile; fileRef = A9D76B001CF5FB8700F7FB47 /* summer.png */; };
		A9D76B151CF5FB8700F7FB47 /* sunset.png in Resources */ = {isa = PBXBuildFile; fileRef = A9D76B011CF5FB8700F7FB47 /* sunset.png */; };
		A9D76B161CF5FB8700F7FB47 /* texture.png in Resources */ = {isa = PBXBuildFile; fileRef = A9D76B021CF5FB8700F7FB47 /* texture.png */; };
		A9D76B171CF5FB8700F7FB47 /* wasted.png in Resources */ = {isa = PBXBuildFile; fileRef = A9D76B031CF5FB8700F7FB47 /* wasted.png */; };
		A9E066D91CE4B4E000D4E11D /* Effect.swift in Sources */ = {isa = PBXBuildFile; fileRef = A9E066D81CE4B4E000D4E11D /* Effect.swift */; };
		A9E066DB1CE4B4EE00D4E11D /* OverlayEffect.swift in Sources */ = {isa = PBXBuildFile; fileRef = A9E066DA1CE4B4EE00D4E11D /* OverlayEffect.swift */; };
		A9E066DD1CE4B4F500D4E11D /* ShaderEffect.swift in Sources */ = {isa = PBXBuildFile; fileRef = A9E066DC1CE4B4F500D4E11D /* ShaderEffect.swift */; };
		A9E066DF1CE4BA0700D4E11D /* EffectProvider.swift in Sources */ = {isa = PBXBuildFile; fileRef = A9E066DE1CE4BA0700D4E11D /* EffectProvider.swift */; };
		A9E066E41CE4BB8300D4E11D /* ConfigPreferences.swift in Sources */ = {isa = PBXBuildFile; fileRef = A9E066E21CE4BB8300D4E11D /* ConfigPreferences.swift */; };
		A9E066E51CE4BB8300D4E11D /* AnalitycsConstants.swift in Sources */ = {isa = PBXBuildFile; fileRef = A9E066E31CE4BB8300D4E11D /* AnalitycsConstants.swift */; };
		A9E066E71CE4C5C700D4E11D /* FilterViewCell.swift in Sources */ = {isa = PBXBuildFile; fileRef = A9E066E61CE4C5C700D4E11D /* FilterViewCell.swift */; };
		A9E066E91CE4C85900D4E11D /* FilterCell.xib in Resources */ = {isa = PBXBuildFile; fileRef = A9E066E81CE4C85900D4E11D /* FilterCell.xib */; };
		A9E066EB1CE4E13800D4E11D /* ShareCell.xib in Resources */ = {isa = PBXBuildFile; fileRef = A9E066EA1CE4E13800D4E11D /* ShareCell.xib */; };
		A9E066ED1CE4E4E200D4E11D /* ShareCell.swift in Sources */ = {isa = PBXBuildFile; fileRef = A9E066EC1CE4E4E200D4E11D /* ShareCell.swift */; };
		A9F9C20E1CF4665000AB310C /* VideonaController.swift in Sources */ = {isa = PBXBuildFile; fileRef = A9F9C20D1CF4665000AB310C /* VideonaController.swift */; };
		A9F9C2101CF4857700AB310C /* Logo_Splash_Horizontal.png in Resources */ = {isa = PBXBuildFile; fileRef = A9F9C20F1CF4857700AB310C /* Logo_Splash_Horizontal.png */; };
		A9F9C2121CF485C600AB310C /* Logo_Splash_Vertical.png in Resources */ = {isa = PBXBuildFile; fileRef = A9F9C2111CF485C600AB310C /* Logo_Splash_Vertical.png */; };
		A9F9C2491CF49F5D00AB310C /* ShowFlashInteractor.swift in Sources */ = {isa = PBXBuildFile; fileRef = A9F9C2481CF49F5D00AB310C /* ShowFlashInteractor.swift */; };
/* End PBXBuildFile section */

/* Begin PBXContainerItemProxy section */
		A95B24461CD8890A00F78AAF /* PBXContainerItemProxy */ = {
			isa = PBXContainerItemProxy;
			containerPortal = A95B24291CD8890900F78AAF /* Project object */;
			proxyType = 1;
			remoteGlobalIDString = A95B24301CD8890900F78AAF;
			remoteInfo = Videona;
		};
		A95B24511CD8890A00F78AAF /* PBXContainerItemProxy */ = {
			isa = PBXContainerItemProxy;
			containerPortal = A95B24291CD8890900F78AAF /* Project object */;
			proxyType = 1;
			remoteGlobalIDString = A95B24301CD8890900F78AAF;
			remoteInfo = Videona;
		};
		A98A93AF1CF58866004E1DB7 /* PBXContainerItemProxy */ = {
			isa = PBXContainerItemProxy;
			containerPortal = A918B89A1CF5878D0013D68F /* GPUImage.xcodeproj */;
			proxyType = 2;
			remoteGlobalIDString = BCF1A33414DDB1EC00852800;
			remoteInfo = GPUImage;
		};
		A98A93B11CF58866004E1DB7 /* PBXContainerItemProxy */ = {
			isa = PBXContainerItemProxy;
			containerPortal = A918B89A1CF5878D0013D68F /* GPUImage.xcodeproj */;
			proxyType = 2;
			remoteGlobalIDString = BCE209E51943F20C002FEED8;
			remoteInfo = GPUImageFramework;
		};
		A98A93B31CF5886D004E1DB7 /* PBXContainerItemProxy */ = {
			isa = PBXContainerItemProxy;
			containerPortal = A918B89A1CF5878D0013D68F /* GPUImage.xcodeproj */;
			proxyType = 1;
			remoteGlobalIDString = BCE209E41943F20C002FEED8;
			remoteInfo = GPUImageFramework;
		};
/* End PBXContainerItemProxy section */

/* Begin PBXCopyFilesBuildPhase section */
		A965C7F91CF586E4001E2D39 /* CopyFiles */ = {
			isa = PBXCopyFilesBuildPhase;
			buildActionMask = 2147483647;
			dstPath = "";
			dstSubfolderSpec = 10;
			files = (
				A98A93B61CF58874004E1DB7 /* GPUImage.framework in CopyFiles */,
			);
			runOnlyForDeploymentPostprocessing = 0;
		};
/* End PBXCopyFilesBuildPhase section */

/* Begin PBXFileReference section */
		A918B89A1CF5878D0013D68F /* GPUImage.xcodeproj */ = {isa = PBXFileReference; lastKnownFileType = "wrapper.pb-project"; name = GPUImage.xcodeproj; path = ../../GPUImage/framework/GPUImage.xcodeproj; sourceTree = "<group>"; };
		A93846E71CE47E82007FB6BC /* FilterListPresenter.swift */ = {isa = PBXFileReference; fileEncoding = 4; lastKnownFileType = sourcecode.swift; path = FilterListPresenter.swift; sourceTree = "<group>"; };
		A93846E91CE47E9C007FB6BC /* FilterListPresenterInterface.swift */ = {isa = PBXFileReference; fileEncoding = 4; lastKnownFileType = sourcecode.swift; path = FilterListPresenterInterface.swift; sourceTree = "<group>"; };
		A93846EB1CE47EE2007FB6BC /* FilterListView.swift */ = {isa = PBXFileReference; fileEncoding = 4; lastKnownFileType = sourcecode.swift; path = FilterListView.swift; sourceTree = "<group>"; };
		A93846ED1CE47EF0007FB6BC /* FilterListInterface.swift */ = {isa = PBXFileReference; fileEncoding = 4; lastKnownFileType = sourcecode.swift; path = FilterListInterface.swift; sourceTree = "<group>"; };
		A93846EF1CE47F67007FB6BC /* FilterListWireframe.swift */ = {isa = PBXFileReference; fileEncoding = 4; lastKnownFileType = sourcecode.swift; path = FilterListWireframe.swift; sourceTree = "<group>"; };
		A93846F21CE4809F007FB6BC /* FilterListDismissalTransition.swift */ = {isa = PBXFileReference; fileEncoding = 4; lastKnownFileType = sourcecode.swift; path = FilterListDismissalTransition.swift; sourceTree = "<group>"; };
		A93846F41CE480AA007FB6BC /* FilterListPresentationTransition.swift */ = {isa = PBXFileReference; fileEncoding = 4; lastKnownFileType = sourcecode.swift; path = FilterListPresentationTransition.swift; sourceTree = "<group>"; };
		A93846F61CE49340007FB6BC /* FilterListView.xib */ = {isa = PBXFileReference; fileEncoding = 4; lastKnownFileType = file.xib; path = FilterListView.xib; sourceTree = "<group>"; };
		A943015E1CE5CF2000DC0DF8 /* PlayerPresenter.swift */ = {isa = PBXFileReference; fileEncoding = 4; lastKnownFileType = sourcecode.swift; path = PlayerPresenter.swift; sourceTree = "<group>"; };
		A94301601CE5CF2700DC0DF8 /* PlayerPresenterInterface.swift */ = {isa = PBXFileReference; fileEncoding = 4; lastKnownFileType = sourcecode.swift; path = PlayerPresenterInterface.swift; sourceTree = "<group>"; };
		A94301621CE5CF3900DC0DF8 /* PlayerView.swift */ = {isa = PBXFileReference; fileEncoding = 4; lastKnownFileType = sourcecode.swift; path = PlayerView.swift; sourceTree = "<group>"; };
		A94301641CE5CF4600DC0DF8 /* PlayerInterface.swift */ = {isa = PBXFileReference; fileEncoding = 4; lastKnownFileType = sourcecode.swift; path = PlayerInterface.swift; sourceTree = "<group>"; };
		A94301661CE5CF4F00DC0DF8 /* PlayerWireframe.swift */ = {isa = PBXFileReference; fileEncoding = 4; lastKnownFileType = sourcecode.swift; path = PlayerWireframe.swift; sourceTree = "<group>"; };
		A94301681CE5CF5800DC0DF8 /* PlayerView.xib */ = {isa = PBXFileReference; fileEncoding = 4; lastKnownFileType = file.xib; path = PlayerView.xib; sourceTree = "<group>"; };
		A943016D1CE5D99E00DC0DF8 /* SocialNetwork.swift */ = {isa = PBXFileReference; fileEncoding = 4; lastKnownFileType = sourcecode.swift; path = SocialNetwork.swift; sourceTree = "<group>"; };
		A943016F1CE5DAA100DC0DF8 /* SocialNetworkProvider.swift */ = {isa = PBXFileReference; fileEncoding = 4; lastKnownFileType = sourcecode.swift; path = SocialNetworkProvider.swift; sourceTree = "<group>"; };
		A94301711CE5DD8B00DC0DF8 /* ShareInteractor.swift */ = {isa = PBXFileReference; fileEncoding = 4; lastKnownFileType = sourcecode.swift; path = ShareInteractor.swift; sourceTree = "<group>"; };
		A94301731CE5DFA100DC0DF8 /* ShareInteractorInterface.swift */ = {isa = PBXFileReference; fileEncoding = 4; lastKnownFileType = sourcecode.swift; path = ShareInteractorInterface.swift; sourceTree = "<group>"; };
		A94301751CE5EEE200DC0DF8 /* FilterListInteractor.swift */ = {isa = PBXFileReference; fileEncoding = 4; lastKnownFileType = sourcecode.swift; path = FilterListInteractor.swift; sourceTree = "<group>"; };
		A94301771CE5EEED00DC0DF8 /* FilterListInteractorInterface.swift */ = {isa = PBXFileReference; fileEncoding = 4; lastKnownFileType = sourcecode.swift; path = FilterListInteractorInterface.swift; sourceTree = "<group>"; };
		A95628CC1CF6FE1400EE4B85 /* AddFilterInteractorTest.swift */ = {isa = PBXFileReference; fileEncoding = 4; lastKnownFileType = sourcecode.swift; path = AddFilterInteractorTest.swift; sourceTree = "<group>"; };
		A95628CE1CF7049100EE4B85 /* VideonaUITests.swift */ = {isa = PBXFileReference; fileEncoding = 4; lastKnownFileType = sourcecode.swift; path = VideonaUITests.swift; sourceTree = "<group>"; };
		A95628D01CF70A1300EE4B85 /* ShowFlashUITest.swift */ = {isa = PBXFileReference; fileEncoding = 4; lastKnownFileType = sourcecode.swift; path = ShowFlashUITest.swift; sourceTree = "<group>"; };
		A95628D21CF7157500EE4B85 /* EffectTest.swift */ = {isa = PBXFileReference; fileEncoding = 4; lastKnownFileType = sourcecode.swift; path = EffectTest.swift; sourceTree = "<group>"; };
		A95628D41CF734F900EE4B85 /* filter_free.png */ = {isa = PBXFileReference; lastKnownFileType = image.png; path = filter_free.png; sourceTree = "<group>"; };
		A95B24311CD8890900F78AAF /* Videona.app */ = {isa = PBXFileReference; explicitFileType = wrapper.application; includeInIndex = 0; path = Videona.app; sourceTree = BUILT_PRODUCTS_DIR; };
		A95B24341CD8890900F78AAF /* AppDelegate.swift */ = {isa = PBXFileReference; lastKnownFileType = sourcecode.swift; path = AppDelegate.swift; sourceTree = "<group>"; };
		A95B24361CD8890900F78AAF /* RecordController.swift */ = {isa = PBXFileReference; lastKnownFileType = sourcecode.swift; path = RecordController.swift; sourceTree = "<group>"; };
		A95B24391CD8890900F78AAF /* Base */ = {isa = PBXFileReference; lastKnownFileType = file.storyboard; name = Base; path = Base.lproj/Main.storyboard; sourceTree = "<group>"; };
		A95B243B1CD8890900F78AAF /* Assets.xcassets */ = {isa = PBXFileReference; lastKnownFileType = folder.assetcatalog; path = Assets.xcassets; sourceTree = "<group>"; };
		A95B243E1CD8890900F78AAF /* Base */ = {isa = PBXFileReference; lastKnownFileType = file.storyboard; name = Base; path = Base.lproj/LaunchScreen.storyboard; sourceTree = "<group>"; };
		A95B24401CD8890900F78AAF /* Info.plist */ = {isa = PBXFileReference; lastKnownFileType = text.plist.xml; path = Info.plist; sourceTree = "<group>"; };
		A95B24451CD8890A00F78AAF /* VideonaTests.xctest */ = {isa = PBXFileReference; explicitFileType = wrapper.cfbundle; includeInIndex = 0; path = VideonaTests.xctest; sourceTree = BUILT_PRODUCTS_DIR; };
		A95B24491CD8890A00F78AAF /* VideonaTests.swift */ = {isa = PBXFileReference; lastKnownFileType = sourcecode.swift; path = VideonaTests.swift; sourceTree = "<group>"; };
		A95B244B1CD8890A00F78AAF /* Info.plist */ = {isa = PBXFileReference; lastKnownFileType = text.plist.xml; path = Info.plist; sourceTree = "<group>"; };
		A95B24501CD8890A00F78AAF /* VideonaUITests.xctest */ = {isa = PBXFileReference; explicitFileType = wrapper.cfbundle; includeInIndex = 0; path = VideonaUITests.xctest; sourceTree = BUILT_PRODUCTS_DIR; };
		A95B24561CD8890A00F78AAF /* Info.plist */ = {isa = PBXFileReference; lastKnownFileType = text.plist.xml; path = Info.plist; sourceTree = "<group>"; };
		A95B246A1CD88AC100F78AAF /* RecordWireframe.swift */ = {isa = PBXFileReference; fileEncoding = 4; lastKnownFileType = sourcecode.swift; path = RecordWireframe.swift; sourceTree = "<group>"; };
		A95B246D1CD88C2D00F78AAF /* RecordViewInterface.swift */ = {isa = PBXFileReference; fileEncoding = 4; lastKnownFileType = sourcecode.swift; path = RecordViewInterface.swift; sourceTree = "<group>"; };
		A95B24701CD88C4B00F78AAF /* RecordPresenter.swift */ = {isa = PBXFileReference; fileEncoding = 4; lastKnownFileType = sourcecode.swift; path = RecordPresenter.swift; sourceTree = "<group>"; };
		A95B24751CD8B90700F78AAF /* AppDependencies.swift */ = {isa = PBXFileReference; fileEncoding = 4; lastKnownFileType = sourcecode.swift; path = AppDependencies.swift; sourceTree = "<group>"; };
		A95B24791CD8B96E00F78AAF /* RootWireframe.swift */ = {isa = PBXFileReference; fileEncoding = 4; lastKnownFileType = sourcecode.swift; path = RootWireframe.swift; sourceTree = "<group>"; };
		A95B247B1CD8B9F200F78AAF /* RecordPresenterInterfaceIO.swift */ = {isa = PBXFileReference; fileEncoding = 4; lastKnownFileType = sourcecode.swift; path = RecordPresenterInterfaceIO.swift; sourceTree = "<group>"; };
		A95B248A1CD8ED2200F78AAF /* IntroViewController.swift */ = {isa = PBXFileReference; fileEncoding = 4; lastKnownFileType = sourcecode.swift; path = IntroViewController.swift; sourceTree = "<group>"; };
		A95D3BDD1CEB0320001F2272 /* SettingsContent.swift */ = {isa = PBXFileReference; fileEncoding = 4; lastKnownFileType = sourcecode.swift; path = SettingsContent.swift; sourceTree = "<group>"; };
		A95D3BDF1CEB045F001F2272 /* SettingsProvider.swift */ = {isa = PBXFileReference; fileEncoding = 4; lastKnownFileType = sourcecode.swift; path = SettingsProvider.swift; sourceTree = "<group>"; };
		A95D3BE21CEB6B77001F2272 /* Utils.swift */ = {isa = PBXFileReference; fileEncoding = 4; lastKnownFileType = sourcecode.swift; path = Utils.swift; sourceTree = "<group>"; };
		A95D3BE71CEB7141001F2272 /* PlayerItem.swift */ = {isa = PBXFileReference; fileEncoding = 4; lastKnownFileType = sourcecode.swift; path = PlayerItem.swift; sourceTree = "<group>"; };
		A95D3BE91CEB7158001F2272 /* PlayerProvider.swift */ = {isa = PBXFileReference; fileEncoding = 4; lastKnownFileType = sourcecode.swift; path = PlayerProvider.swift; sourceTree = "<group>"; };
		A95D3BED1CEB72CC001F2272 /* PlayerInteractor.swift */ = {isa = PBXFileReference; fileEncoding = 4; lastKnownFileType = sourcecode.swift; path = PlayerInteractor.swift; sourceTree = "<group>"; };
		A95D3BEF1CEB7356001F2272 /* PlayerInteractorInterface.swift */ = {isa = PBXFileReference; fileEncoding = 4; lastKnownFileType = sourcecode.swift; path = PlayerInteractorInterface.swift; sourceTree = "<group>"; };
		A95D3BF21CEB7686001F2272 /* video.mp4 */ = {isa = PBXFileReference; lastKnownFileType = file; path = video.mp4; sourceTree = "<group>"; };
		A965BDBB1CDA0758002579CA /* IntroPresenter.swift */ = {isa = PBXFileReference; fileEncoding = 4; lastKnownFileType = sourcecode.swift; path = IntroPresenter.swift; sourceTree = "<group>"; };
		A965BDBE1CDA076C002579CA /* IntroWireframe.swift */ = {isa = PBXFileReference; fileEncoding = 4; lastKnownFileType = sourcecode.swift; path = IntroWireframe.swift; sourceTree = "<group>"; };
		A965BDC01CDA0F1D002579CA /* IntroViewInterface.swift */ = {isa = PBXFileReference; fileEncoding = 4; lastKnownFileType = sourcecode.swift; path = IntroViewInterface.swift; sourceTree = "<group>"; };
		A965BDC21CDA1171002579CA /* IntroPresenterInterface.swift */ = {isa = PBXFileReference; fileEncoding = 4; lastKnownFileType = sourcecode.swift; path = IntroPresenterInterface.swift; sourceTree = "<group>"; };
		A965C7EB1CF58467001E2D39 /* CameraInteractor.swift */ = {isa = PBXFileReference; fileEncoding = 4; lastKnownFileType = sourcecode.swift; path = CameraInteractor.swift; sourceTree = "<group>"; };
		A96732FD1CE6309C007BE340 /* SettingsInteractor.swift */ = {isa = PBXFileReference; fileEncoding = 4; lastKnownFileType = sourcecode.swift; path = SettingsInteractor.swift; sourceTree = "<group>"; };
		A96732FF1CE630AD007BE340 /* SettingsInteractorInterface.swift */ = {isa = PBXFileReference; fileEncoding = 4; lastKnownFileType = sourcecode.swift; path = SettingsInteractorInterface.swift; sourceTree = "<group>"; };
		A98A93BA1CF5903C004E1DB7 /* AddFilterInteractor.swift */ = {isa = PBXFileReference; fileEncoding = 4; lastKnownFileType = sourcecode.swift; path = AddFilterInteractor.swift; sourceTree = "<group>"; };
		A98A93BC1CF59155004E1DB7 /* ChangeFilterInteractor.swift */ = {isa = PBXFileReference; fileEncoding = 4; lastKnownFileType = sourcecode.swift; path = ChangeFilterInteractor.swift; sourceTree = "<group>"; };
		A98A93C31CF5BAF6004E1DB7 /* EffectDictionary.swift */ = {isa = PBXFileReference; fileEncoding = 4; lastKnownFileType = sourcecode.swift; path = EffectDictionary.swift; sourceTree = "<group>"; };
		A992784F1CE3647B009DC364 /* SettingsPresenter.swift */ = {isa = PBXFileReference; fileEncoding = 4; lastKnownFileType = sourcecode.swift; path = SettingsPresenter.swift; sourceTree = "<group>"; };
		A99278521CE364E6009DC364 /* SettingsPresenterInterface.swift */ = {isa = PBXFileReference; fileEncoding = 4; lastKnownFileType = sourcecode.swift; path = SettingsPresenterInterface.swift; sourceTree = "<group>"; };
		A99278541CE3650C009DC364 /* SettingsViewController.swift */ = {isa = PBXFileReference; fileEncoding = 4; lastKnownFileType = sourcecode.swift; path = SettingsViewController.swift; sourceTree = "<group>"; };
		A99278561CE36517009DC364 /* SettingsInterface.swift */ = {isa = PBXFileReference; fileEncoding = 4; lastKnownFileType = sourcecode.swift; path = SettingsInterface.swift; sourceTree = "<group>"; };
		A99278581CE36524009DC364 /* SettingsWireframe.swift */ = {isa = PBXFileReference; fileEncoding = 4; lastKnownFileType = sourcecode.swift; path = SettingsWireframe.swift; sourceTree = "<group>"; };
		A9B118161CE378B9001A1177 /* SharePresenter.swift */ = {isa = PBXFileReference; fileEncoding = 4; lastKnownFileType = sourcecode.swift; path = SharePresenter.swift; sourceTree = "<group>"; };
		A9B118181CE378C2001A1177 /* SharePresenterInterface.swift */ = {isa = PBXFileReference; fileEncoding = 4; lastKnownFileType = sourcecode.swift; path = SharePresenterInterface.swift; sourceTree = "<group>"; };
		A9B1181A1CE378D3001A1177 /* ShareViewController.swift */ = {isa = PBXFileReference; fileEncoding = 4; lastKnownFileType = sourcecode.swift; path = ShareViewController.swift; sourceTree = "<group>"; };
		A9B1181C1CE378DC001A1177 /* ShareInterface.swift */ = {isa = PBXFileReference; fileEncoding = 4; lastKnownFileType = sourcecode.swift; path = ShareInterface.swift; sourceTree = "<group>"; };
		A9B1181E1CE378E8001A1177 /* ShareWireframe.swift */ = {isa = PBXFileReference; fileEncoding = 4; lastKnownFileType = sourcecode.swift; path = ShareWireframe.swift; sourceTree = "<group>"; };
		A9D76AE61CF5E9CB00F7FB47 /* RemoveFilterInteractor.swift */ = {isa = PBXFileReference; fileEncoding = 4; lastKnownFileType = sourcecode.swift; path = RemoveFilterInteractor.swift; sourceTree = "<group>"; };
		A9D76AF01CF5FB8700F7FB47 /* autumn.png */ = {isa = PBXFileReference; lastKnownFileType = image.png; path = autumn.png; sourceTree = "<group>"; };
		A9D76AF11CF5FB8700F7FB47 /* bokeh.png */ = {isa = PBXFileReference; lastKnownFileType = image.png; path = bokeh.png; sourceTree = "<group>"; };
		A9D76AF21CF5FB8700F7FB47 /* burn.png */ = {isa = PBXFileReference; lastKnownFileType = image.png; path = burn.png; sourceTree = "<group>"; };
		A9D76AF31CF5FB8700F7FB47 /* cctv.png */ = {isa = PBXFileReference; lastKnownFileType = image.png; path = cctv.png; sourceTree = "<group>"; };
		A9D76AF41CF5FB8700F7FB47 /* color_stain.png */ = {isa = PBXFileReference; lastKnownFileType = image.png; path = color_stain.png; sourceTree = "<group>"; };
		A9D76AF51CF5FB8700F7FB47 /* dark.png */ = {isa = PBXFileReference; lastKnownFileType = image.png; path = dark.png; sourceTree = "<group>"; };
		A9D76AF61CF5FB8700F7FB47 /* game.jpg */ = {isa = PBXFileReference; lastKnownFileType = image.jpeg; path = game.jpg; sourceTree = "<group>"; };
		A9D76AF71CF5FB8700F7FB47 /* mist.png */ = {isa = PBXFileReference; lastKnownFileType = image.png; path = mist.png; sourceTree = "<group>"; };
		A9D76AF81CF5FB8700F7FB47 /* old.png */ = {isa = PBXFileReference; lastKnownFileType = image.png; path = old.png; sourceTree = "<group>"; };
		A9D76AF91CF5FB8700F7FB47 /* passion.png */ = {isa = PBXFileReference; lastKnownFileType = image.png; path = passion.png; sourceTree = "<group>"; };
		A9D76AFA1CF5FB8700F7FB47 /* pastel.png */ = {isa = PBXFileReference; lastKnownFileType = image.png; path = pastel.png; sourceTree = "<group>"; };
		A9D76AFB1CF5FB8700F7FB47 /* polaroid.png */ = {isa = PBXFileReference; lastKnownFileType = image.png; path = polaroid.png; sourceTree = "<group>"; };
		A9D76AFC1CF5FB8700F7FB47 /* pride.png */ = {isa = PBXFileReference; lastKnownFileType = image.png; path = pride.png; sourceTree = "<group>"; };
		A9D76AFD1CF5FB8700F7FB47 /* rain.png */ = {isa = PBXFileReference; lastKnownFileType = image.png; path = rain.png; sourceTree = "<group>"; };
		A9D76AFE1CF5FB8700F7FB47 /* retrotv.png */ = {isa = PBXFileReference; lastKnownFileType = image.png; path = retrotv.png; sourceTree = "<group>"; };
		A9D76AFF1CF5FB8700F7FB47 /* spring.png */ = {isa = PBXFileReference; lastKnownFileType = image.png; path = spring.png; sourceTree = "<group>"; };
		A9D76B001CF5FB8700F7FB47 /* summer.png */ = {isa = PBXFileReference; lastKnownFileType = image.png; path = summer.png; sourceTree = "<group>"; };
		A9D76B011CF5FB8700F7FB47 /* sunset.png */ = {isa = PBXFileReference; lastKnownFileType = image.png; path = sunset.png; sourceTree = "<group>"; };
		A9D76B021CF5FB8700F7FB47 /* texture.png */ = {isa = PBXFileReference; lastKnownFileType = image.png; path = texture.png; sourceTree = "<group>"; };
		A9D76B031CF5FB8700F7FB47 /* wasted.png */ = {isa = PBXFileReference; lastKnownFileType = image.png; path = wasted.png; sourceTree = "<group>"; };
		A9E066D81CE4B4E000D4E11D /* Effect.swift */ = {isa = PBXFileReference; fileEncoding = 4; lastKnownFileType = sourcecode.swift; path = Effect.swift; sourceTree = "<group>"; };
		A9E066DA1CE4B4EE00D4E11D /* OverlayEffect.swift */ = {isa = PBXFileReference; fileEncoding = 4; lastKnownFileType = sourcecode.swift; path = OverlayEffect.swift; sourceTree = "<group>"; };
		A9E066DC1CE4B4F500D4E11D /* ShaderEffect.swift */ = {isa = PBXFileReference; fileEncoding = 4; lastKnownFileType = sourcecode.swift; path = ShaderEffect.swift; sourceTree = "<group>"; };
		A9E066DE1CE4BA0700D4E11D /* EffectProvider.swift */ = {isa = PBXFileReference; fileEncoding = 4; lastKnownFileType = sourcecode.swift; path = EffectProvider.swift; sourceTree = "<group>"; };
		A9E066E21CE4BB8300D4E11D /* ConfigPreferences.swift */ = {isa = PBXFileReference; fileEncoding = 4; lastKnownFileType = sourcecode.swift; path = ConfigPreferences.swift; sourceTree = "<group>"; };
		A9E066E31CE4BB8300D4E11D /* AnalitycsConstants.swift */ = {isa = PBXFileReference; fileEncoding = 4; lastKnownFileType = sourcecode.swift; path = AnalitycsConstants.swift; sourceTree = "<group>"; };
		A9E066E61CE4C5C700D4E11D /* FilterViewCell.swift */ = {isa = PBXFileReference; fileEncoding = 4; lastKnownFileType = sourcecode.swift; path = FilterViewCell.swift; sourceTree = "<group>"; };
		A9E066E81CE4C85900D4E11D /* FilterCell.xib */ = {isa = PBXFileReference; fileEncoding = 4; lastKnownFileType = file.xib; path = FilterCell.xib; sourceTree = "<group>"; };
		A9E066EA1CE4E13800D4E11D /* ShareCell.xib */ = {isa = PBXFileReference; fileEncoding = 4; lastKnownFileType = file.xib; path = ShareCell.xib; sourceTree = "<group>"; };
		A9E066EC1CE4E4E200D4E11D /* ShareCell.swift */ = {isa = PBXFileReference; fileEncoding = 4; lastKnownFileType = sourcecode.swift; path = ShareCell.swift; sourceTree = "<group>"; };
		A9F9C20D1CF4665000AB310C /* VideonaController.swift */ = {isa = PBXFileReference; fileEncoding = 4; lastKnownFileType = sourcecode.swift; path = VideonaController.swift; sourceTree = "<group>"; };
		A9F9C20F1CF4857700AB310C /* Logo_Splash_Horizontal.png */ = {isa = PBXFileReference; lastKnownFileType = image.png; path = Logo_Splash_Horizontal.png; sourceTree = "<group>"; };
		A9F9C2111CF485C600AB310C /* Logo_Splash_Vertical.png */ = {isa = PBXFileReference; lastKnownFileType = image.png; path = Logo_Splash_Vertical.png; sourceTree = "<group>"; };
		A9F9C2481CF49F5D00AB310C /* ShowFlashInteractor.swift */ = {isa = PBXFileReference; fileEncoding = 4; lastKnownFileType = sourcecode.swift; path = ShowFlashInteractor.swift; sourceTree = "<group>"; };
/* End PBXFileReference section */

/* Begin PBXFrameworksBuildPhase section */
		A95B242E1CD8890900F78AAF /* Frameworks */ = {
			isa = PBXFrameworksBuildPhase;
			buildActionMask = 2147483647;
			files = (
				A98A93B51CF58870004E1DB7 /* GPUImage.framework in Frameworks */,
			);
			runOnlyForDeploymentPostprocessing = 0;
		};
		A95B24421CD8890A00F78AAF /* Frameworks */ = {
			isa = PBXFrameworksBuildPhase;
			buildActionMask = 2147483647;
			files = (
			);
			runOnlyForDeploymentPostprocessing = 0;
		};
		A95B244D1CD8890A00F78AAF /* Frameworks */ = {
			isa = PBXFrameworksBuildPhase;
			buildActionMask = 2147483647;
			files = (
			);
			runOnlyForDeploymentPostprocessing = 0;
		};
/* End PBXFrameworksBuildPhase section */

/* Begin PBXGroup section */
		A93846E21CE47E57007FB6BC /* Filter List */ = {
			isa = PBXGroup;
			children = (
				A9E066D41CE4B46900D4E11D /* AppLogic */,
				A93846E31CE47E63007FB6BC /* User Interface */,
			);
			name = "Filter List";
			sourceTree = "<group>";
		};
		A93846E31CE47E63007FB6BC /* User Interface */ = {
			isa = PBXGroup;
			children = (
				A93846F11CE48081007FB6BC /* Transition */,
				A93846E61CE47E74007FB6BC /* Presenter */,
				A93846E51CE47E70007FB6BC /* View */,
				A93846E41CE47E6B007FB6BC /* Wireframe */,
			);
			name = "User Interface";
			sourceTree = "<group>";
		};
		A93846E41CE47E6B007FB6BC /* Wireframe */ = {
			isa = PBXGroup;
			children = (
				A93846EF1CE47F67007FB6BC /* FilterListWireframe.swift */,
			);
			name = Wireframe;
			sourceTree = "<group>";
		};
		A93846E51CE47E70007FB6BC /* View */ = {
			isa = PBXGroup;
			children = (
				A93846F61CE49340007FB6BC /* FilterListView.xib */,
				A93846EB1CE47EE2007FB6BC /* FilterListView.swift */,
				A93846ED1CE47EF0007FB6BC /* FilterListInterface.swift */,
				A9E066E81CE4C85900D4E11D /* FilterCell.xib */,
				A9E066E61CE4C5C700D4E11D /* FilterViewCell.swift */,
			);
			name = View;
			sourceTree = "<group>";
		};
		A93846E61CE47E74007FB6BC /* Presenter */ = {
			isa = PBXGroup;
			children = (
				A93846E71CE47E82007FB6BC /* FilterListPresenter.swift */,
				A93846E91CE47E9C007FB6BC /* FilterListPresenterInterface.swift */,
			);
			name = Presenter;
			sourceTree = "<group>";
		};
		A93846F11CE48081007FB6BC /* Transition */ = {
			isa = PBXGroup;
			children = (
				A93846F21CE4809F007FB6BC /* FilterListDismissalTransition.swift */,
				A93846F41CE480AA007FB6BC /* FilterListPresentationTransition.swift */,
			);
			name = Transition;
			sourceTree = "<group>";
		};
		A94301591CE5CEE400DC0DF8 /* Player */ = {
			isa = PBXGroup;
			children = (
				A95D3BE41CEB7082001F2272 /* App Logic */,
				A943015A1CE5CEEE00DC0DF8 /* User Interface */,
			);
			name = Player;
			sourceTree = "<group>";
		};
		A943015A1CE5CEEE00DC0DF8 /* User Interface */ = {
			isa = PBXGroup;
			children = (
				A943015D1CE5CEFE00DC0DF8 /* Presenter */,
				A943015C1CE5CEFA00DC0DF8 /* View */,
				A943015B1CE5CEF400DC0DF8 /* Wireframe */,
			);
			name = "User Interface";
			sourceTree = "<group>";
		};
		A943015B1CE5CEF400DC0DF8 /* Wireframe */ = {
			isa = PBXGroup;
			children = (
				A94301661CE5CF4F00DC0DF8 /* PlayerWireframe.swift */,
			);
			name = Wireframe;
			sourceTree = "<group>";
		};
		A943015C1CE5CEFA00DC0DF8 /* View */ = {
			isa = PBXGroup;
			children = (
				A94301681CE5CF5800DC0DF8 /* PlayerView.xib */,
				A94301621CE5CF3900DC0DF8 /* PlayerView.swift */,
				A94301641CE5CF4600DC0DF8 /* PlayerInterface.swift */,
			);
			name = View;
			sourceTree = "<group>";
		};
		A943015D1CE5CEFE00DC0DF8 /* Presenter */ = {
			isa = PBXGroup;
			children = (
				A943015E1CE5CF2000DC0DF8 /* PlayerPresenter.swift */,
				A94301601CE5CF2700DC0DF8 /* PlayerPresenterInterface.swift */,
			);
			name = Presenter;
			sourceTree = "<group>";
		};
		A943016A1CE5D95100DC0DF8 /* App Logic */ = {
			isa = PBXGroup;
			children = (
				A943016C1CE5D96900DC0DF8 /* Interactor */,
				A943016B1CE5D96500DC0DF8 /* Model */,
			);
			name = "App Logic";
			sourceTree = "<group>";
		};
		A943016B1CE5D96500DC0DF8 /* Model */ = {
			isa = PBXGroup;
			children = (
				A943016D1CE5D99E00DC0DF8 /* SocialNetwork.swift */,
				A943016F1CE5DAA100DC0DF8 /* SocialNetworkProvider.swift */,
			);
			name = Model;
			sourceTree = "<group>";
		};
		A943016C1CE5D96900DC0DF8 /* Interactor */ = {
			isa = PBXGroup;
			children = (
				A94301711CE5DD8B00DC0DF8 /* ShareInteractor.swift */,
				A94301731CE5DFA100DC0DF8 /* ShareInteractorInterface.swift */,
			);
			name = Interactor;
			sourceTree = "<group>";
		};
		A95B24281CD8890900F78AAF = {
			isa = PBXGroup;
			children = (
				A918B89A1CF5878D0013D68F /* GPUImage.xcodeproj */,
				A95B24331CD8890900F78AAF /* Videona */,
				A95B24481CD8890A00F78AAF /* VideonaTests */,
				A95B24531CD8890A00F78AAF /* VideonaUITests */,
				A95B24321CD8890900F78AAF /* Products */,
			);
			sourceTree = "<group>";
		};
		A95B24321CD8890900F78AAF /* Products */ = {
			isa = PBXGroup;
			children = (
				A95B24311CD8890900F78AAF /* Videona.app */,
				A95B24451CD8890A00F78AAF /* VideonaTests.xctest */,
				A95B24501CD8890A00F78AAF /* VideonaUITests.xctest */,
			);
			name = Products;
			sourceTree = "<group>";
		};
		A95B24331CD8890900F78AAF /* Videona */ = {
			isa = PBXGroup;
			children = (
				A9F9C2141CF4872900AB310C /* Res */,
				A95B24751CD8B90700F78AAF /* AppDependencies.swift */,
				A95B24341CD8890900F78AAF /* AppDelegate.swift */,
				A95D3BF11CEB7673001F2272 /* VideoTest */,
				A95B24771CD8B95800F78AAF /* Common */,
				A95B24631CD8895E00F78AAF /* Modules */,
				A95B24621CD8892B00F78AAF /* StoryBoard */,
				A95B243B1CD8890900F78AAF /* Assets.xcassets */,
				A95B24401CD8890900F78AAF /* Info.plist */,
			);
			path = Videona;
			sourceTree = "<group>";
		};
		A95B24481CD8890A00F78AAF /* VideonaTests */ = {
			isa = PBXGroup;
			children = (
				A95B24491CD8890A00F78AAF /* VideonaTests.swift */,
				A95628D21CF7157500EE4B85 /* EffectTest.swift */,
				A95628CC1CF6FE1400EE4B85 /* AddFilterInteractorTest.swift */,
				A95B244B1CD8890A00F78AAF /* Info.plist */,
			);
			path = VideonaTests;
			sourceTree = "<group>";
		};
		A95B24531CD8890A00F78AAF /* VideonaUITests */ = {
			isa = PBXGroup;
			children = (
				A95628CE1CF7049100EE4B85 /* VideonaUITests.swift */,
				A95628D01CF70A1300EE4B85 /* ShowFlashUITest.swift */,
				A95B24561CD8890A00F78AAF /* Info.plist */,
			);
			path = VideonaUITests;
			sourceTree = "<group>";
		};
		A95B24621CD8892B00F78AAF /* StoryBoard */ = {
			isa = PBXGroup;
			children = (
				A95B24381CD8890900F78AAF /* Main.storyboard */,
				A95B243D1CD8890900F78AAF /* LaunchScreen.storyboard */,
			);
			name = StoryBoard;
			sourceTree = "<group>";
		};
		A95B24631CD8895E00F78AAF /* Modules */ = {
			isa = PBXGroup;
			children = (
				A95B24851CD8EA7500F78AAF /* Intro */,
				A95B24641CD8896600F78AAF /* Recorder */,
				A93846E21CE47E57007FB6BC /* Filter List */,
				A94301591CE5CEE400DC0DF8 /* Player */,
				A9B118111CE37887001A1177 /* Share */,
				A99278491CE3642D009DC364 /* Settings */,
			);
			name = Modules;
			sourceTree = "<group>";
		};
		A95B24641CD8896600F78AAF /* Recorder */ = {
			isa = PBXGroup;
			children = (
				A95B24681CD8898D00F78AAF /* AppLogic */,
				A95B24691CD88A6000F78AAF /* UserInterface */,
			);
			name = Recorder;
			sourceTree = "<group>";
		};
		A95B24651CD8897000F78AAF /* Interactor */ = {
			isa = PBXGroup;
			children = (
				A9F9C2481CF49F5D00AB310C /* ShowFlashInteractor.swift */,
				A965C7EB1CF58467001E2D39 /* CameraInteractor.swift */,
				A98A93BA1CF5903C004E1DB7 /* AddFilterInteractor.swift */,
				A9D76AE61CF5E9CB00F7FB47 /* RemoveFilterInteractor.swift */,
				A98A93BC1CF59155004E1DB7 /* ChangeFilterInteractor.swift */,
			);
			name = Interactor;
			sourceTree = "<group>";
		};
		A95B24661CD8897B00F78AAF /* Presenter */ = {
			isa = PBXGroup;
			children = (
				A95B24701CD88C4B00F78AAF /* RecordPresenter.swift */,
				A95B247B1CD8B9F200F78AAF /* RecordPresenterInterfaceIO.swift */,
			);
			name = Presenter;
			sourceTree = "<group>";
		};
		A95B24671CD8898200F78AAF /* Wireframe */ = {
			isa = PBXGroup;
			children = (
				A95B246A1CD88AC100F78AAF /* RecordWireframe.swift */,
			);
			name = Wireframe;
			sourceTree = "<group>";
		};
		A95B24681CD8898D00F78AAF /* AppLogic */ = {
			isa = PBXGroup;
			children = (
				A95B24651CD8897000F78AAF /* Interactor */,
			);
			name = AppLogic;
			sourceTree = "<group>";
		};
		A95B24691CD88A6000F78AAF /* UserInterface */ = {
			isa = PBXGroup;
			children = (
				A95B24661CD8897B00F78AAF /* Presenter */,
				A95B246C1CD88C0E00F78AAF /* View */,
				A95B24671CD8898200F78AAF /* Wireframe */,
			);
			name = UserInterface;
			sourceTree = "<group>";
		};
		A95B246C1CD88C0E00F78AAF /* View */ = {
			isa = PBXGroup;
			children = (
				A95B24361CD8890900F78AAF /* RecordController.swift */,
				A95B246D1CD88C2D00F78AAF /* RecordViewInterface.swift */,
			);
			name = View;
			sourceTree = "<group>";
		};
		A95B24771CD8B95800F78AAF /* Common */ = {
			isa = PBXGroup;
			children = (
				A95D3BE21CEB6B77001F2272 /* Utils.swift */,
				A9F9C2081CF465D300AB310C /* Wireframe */,
				A9E066E11CE4BB6B00D4E11D /* Constants */,
				A95B24781CD8B96200F78AAF /* View */,
			);
			name = Common;
			sourceTree = "<group>";
		};
		A95B24781CD8B96200F78AAF /* View */ = {
			isa = PBXGroup;
			children = (
				A9F9C20D1CF4665000AB310C /* VideonaController.swift */,
			);
			name = View;
			sourceTree = "<group>";
		};
		A95B24851CD8EA7500F78AAF /* Intro */ = {
			isa = PBXGroup;
			children = (
				A95B24861CD8EA7F00F78AAF /* UserInterface */,
			);
			name = Intro;
			sourceTree = "<group>";
		};
		A95B24861CD8EA7F00F78AAF /* UserInterface */ = {
			isa = PBXGroup;
			children = (
				A965BDB91CDA0731002579CA /* Presenter */,
				A95B24871CD8EA8C00F78AAF /* View */,
				A965BDBD1CDA0760002579CA /* Wireframe */,
			);
			name = UserInterface;
			sourceTree = "<group>";
		};
		A95B24871CD8EA8C00F78AAF /* View */ = {
			isa = PBXGroup;
			children = (
				A95B248A1CD8ED2200F78AAF /* IntroViewController.swift */,
				A965BDC01CDA0F1D002579CA /* IntroViewInterface.swift */,
			);
			name = View;
			sourceTree = "<group>";
		};
		A95D3BE41CEB7082001F2272 /* App Logic */ = {
			isa = PBXGroup;
			children = (
				A95D3BEC1CEB72BF001F2272 /* Interactor */,
				A95D3BEB1CEB72BB001F2272 /* Model */,
			);
			name = "App Logic";
			sourceTree = "<group>";
		};
		A95D3BEB1CEB72BB001F2272 /* Model */ = {
			isa = PBXGroup;
			children = (
				A95D3BE71CEB7141001F2272 /* PlayerItem.swift */,
				A95D3BE91CEB7158001F2272 /* PlayerProvider.swift */,
			);
			name = Model;
			sourceTree = "<group>";
		};
		A95D3BEC1CEB72BF001F2272 /* Interactor */ = {
			isa = PBXGroup;
			children = (
				A95D3BED1CEB72CC001F2272 /* PlayerInteractor.swift */,
				A95D3BEF1CEB7356001F2272 /* PlayerInteractorInterface.swift */,
			);
			name = Interactor;
			sourceTree = "<group>";
		};
		A95D3BF11CEB7673001F2272 /* VideoTest */ = {
			isa = PBXGroup;
			children = (
				A95D3BF21CEB7686001F2272 /* video.mp4 */,
			);
			name = VideoTest;
			sourceTree = "<group>";
		};
		A965BDB91CDA0731002579CA /* Presenter */ = {
			isa = PBXGroup;
			children = (
				A965BDBB1CDA0758002579CA /* IntroPresenter.swift */,
				A965BDC21CDA1171002579CA /* IntroPresenterInterface.swift */,
			);
			name = Presenter;
			sourceTree = "<group>";
		};
		A965BDBD1CDA0760002579CA /* Wireframe */ = {
			isa = PBXGroup;
			children = (
				A965BDBE1CDA076C002579CA /* IntroWireframe.swift */,
			);
			name = Wireframe;
			sourceTree = "<group>";
		};
		A96732FB1CE63082007BE340 /* App Logic */ = {
			isa = PBXGroup;
			children = (
				A96733011CE630B3007BE340 /* Model */,
				A96732FC1CE63090007BE340 /* Interactor */,
			);
			name = "App Logic";
			sourceTree = "<group>";
		};
		A96732FC1CE63090007BE340 /* Interactor */ = {
			isa = PBXGroup;
			children = (
				A96732FD1CE6309C007BE340 /* SettingsInteractor.swift */,
				A96732FF1CE630AD007BE340 /* SettingsInteractorInterface.swift */,
			);
			name = Interactor;
			sourceTree = "<group>";
		};
		A96733011CE630B3007BE340 /* Model */ = {
			isa = PBXGroup;
			children = (
				A95D3BDD1CEB0320001F2272 /* SettingsContent.swift */,
				A95D3BDF1CEB045F001F2272 /* SettingsProvider.swift */,
			);
			name = Model;
			sourceTree = "<group>";
		};
		A98A93AA1CF58866004E1DB7 /* Products */ = {
			isa = PBXGroup;
			children = (
				A98A93B01CF58866004E1DB7 /* libGPUImage.a */,
				A98A93B21CF58866004E1DB7 /* GPUImage.framework */,
			);
			name = Products;
			sourceTree = "<group>";
		};
		A99278491CE3642D009DC364 /* Settings */ = {
			isa = PBXGroup;
			children = (
				A96732FB1CE63082007BE340 /* App Logic */,
				A992784A1CE36438009DC364 /* User Interface */,
			);
			name = Settings;
			sourceTree = "<group>";
		};
		A992784A1CE36438009DC364 /* User Interface */ = {
			isa = PBXGroup;
			children = (
				A992784B1CE36440009DC364 /* Presenter */,
				A992784D1CE36450009DC364 /* View */,
				A992784E1CE36455009DC364 /* Wireframe */,
			);
			name = "User Interface";
			sourceTree = "<group>";
		};
		A992784B1CE36440009DC364 /* Presenter */ = {
			isa = PBXGroup;
			children = (
				A992784F1CE3647B009DC364 /* SettingsPresenter.swift */,
				A99278521CE364E6009DC364 /* SettingsPresenterInterface.swift */,
			);
			name = Presenter;
			sourceTree = "<group>";
		};
		A992784D1CE36450009DC364 /* View */ = {
			isa = PBXGroup;
			children = (
				A99278541CE3650C009DC364 /* SettingsViewController.swift */,
				A99278561CE36517009DC364 /* SettingsInterface.swift */,
			);
			name = View;
			sourceTree = "<group>";
		};
		A992784E1CE36455009DC364 /* Wireframe */ = {
			isa = PBXGroup;
			children = (
				A99278581CE36524009DC364 /* SettingsWireframe.swift */,
			);
			name = Wireframe;
			sourceTree = "<group>";
		};
		A9B118111CE37887001A1177 /* Share */ = {
			isa = PBXGroup;
			children = (
				A943016A1CE5D95100DC0DF8 /* App Logic */,
				A9B118121CE3788D001A1177 /* User Interface */,
			);
			name = Share;
			sourceTree = "<group>";
		};
		A9B118121CE3788D001A1177 /* User Interface */ = {
			isa = PBXGroup;
			children = (
				A9B118151CE378AC001A1177 /* Presenter */,
				A9B118141CE378A9001A1177 /* View */,
				A9B118131CE378A4001A1177 /* Wireframe */,
			);
			name = "User Interface";
			sourceTree = "<group>";
		};
		A9B118131CE378A4001A1177 /* Wireframe */ = {
			isa = PBXGroup;
			children = (
				A9B1181E1CE378E8001A1177 /* ShareWireframe.swift */,
			);
			name = Wireframe;
			sourceTree = "<group>";
		};
		A9B118141CE378A9001A1177 /* View */ = {
			isa = PBXGroup;
			children = (
				A9B1181A1CE378D3001A1177 /* ShareViewController.swift */,
				A9B1181C1CE378DC001A1177 /* ShareInterface.swift */,
				A9E066EA1CE4E13800D4E11D /* ShareCell.xib */,
				A9E066EC1CE4E4E200D4E11D /* ShareCell.swift */,
			);
			name = View;
			sourceTree = "<group>";
		};
		A9B118151CE378AC001A1177 /* Presenter */ = {
			isa = PBXGroup;
			children = (
				A9B118161CE378B9001A1177 /* SharePresenter.swift */,
				A9B118181CE378C2001A1177 /* SharePresenterInterface.swift */,
			);
			name = Presenter;
			sourceTree = "<group>";
		};
		A9D76AEF1CF5FB4B00F7FB47 /* FiltersOverlay */ = {
			isa = PBXGroup;
			children = (
				A95628D41CF734F900EE4B85 /* filter_free.png */,
				A9D76AF01CF5FB8700F7FB47 /* autumn.png */,
				A9D76AF11CF5FB8700F7FB47 /* bokeh.png */,
				A9D76AF21CF5FB8700F7FB47 /* burn.png */,
				A9D76AF31CF5FB8700F7FB47 /* cctv.png */,
				A9D76AF41CF5FB8700F7FB47 /* color_stain.png */,
				A9D76AF51CF5FB8700F7FB47 /* dark.png */,
				A9D76AF61CF5FB8700F7FB47 /* game.jpg */,
				A9D76AF71CF5FB8700F7FB47 /* mist.png */,
				A9D76AF81CF5FB8700F7FB47 /* old.png */,
				A9D76AF91CF5FB8700F7FB47 /* passion.png */,
				A9D76AFA1CF5FB8700F7FB47 /* pastel.png */,
				A9D76AFB1CF5FB8700F7FB47 /* polaroid.png */,
				A9D76AFC1CF5FB8700F7FB47 /* pride.png */,
				A9D76AFD1CF5FB8700F7FB47 /* rain.png */,
				A9D76AFE1CF5FB8700F7FB47 /* retrotv.png */,
				A9D76AFF1CF5FB8700F7FB47 /* spring.png */,
				A9D76B001CF5FB8700F7FB47 /* summer.png */,
				A9D76B011CF5FB8700F7FB47 /* sunset.png */,
				A9D76B021CF5FB8700F7FB47 /* texture.png */,
				A9D76B031CF5FB8700F7FB47 /* wasted.png */,
			);
			name = FiltersOverlay;
			sourceTree = "<group>";
		};
		A9E066D41CE4B46900D4E11D /* AppLogic */ = {
			isa = PBXGroup;
			children = (
				A9E066D51CE4B47400D4E11D /* Interactor */,
				A9E066D61CE4B48B00D4E11D /* Model */,
			);
			name = AppLogic;
			sourceTree = "<group>";
		};
		A9E066D51CE4B47400D4E11D /* Interactor */ = {
			isa = PBXGroup;
			children = (
				A94301751CE5EEE200DC0DF8 /* FilterListInteractor.swift */,
				A94301771CE5EEED00DC0DF8 /* FilterListInteractorInterface.swift */,
			);
			name = Interactor;
			sourceTree = "<group>";
		};
		A9E066D61CE4B48B00D4E11D /* Model */ = {
			isa = PBXGroup;
			children = (
				A9E066D81CE4B4E000D4E11D /* Effect.swift */,
				A98A93C31CF5BAF6004E1DB7 /* EffectDictionary.swift */,
				A9E066DE1CE4BA0700D4E11D /* EffectProvider.swift */,
				A9E066DA1CE4B4EE00D4E11D /* OverlayEffect.swift */,
				A9E066DC1CE4B4F500D4E11D /* ShaderEffect.swift */,
			);
			name = Model;
			sourceTree = "<group>";
		};
		A9E066E11CE4BB6B00D4E11D /* Constants */ = {
			isa = PBXGroup;
			children = (
				A9E066E21CE4BB8300D4E11D /* ConfigPreferences.swift */,
				A9E066E31CE4BB8300D4E11D /* AnalitycsConstants.swift */,
			);
			name = Constants;
			sourceTree = "<group>";
		};
		A9F9C2081CF465D300AB310C /* Wireframe */ = {
			isa = PBXGroup;
			children = (
				A95B24791CD8B96E00F78AAF /* RootWireframe.swift */,
			);
			name = Wireframe;
			sourceTree = "<group>";
		};
		A9F9C2131CF4871F00AB310C /* LogoSplash */ = {
			isa = PBXGroup;
			children = (
				A9F9C20F1CF4857700AB310C /* Logo_Splash_Horizontal.png */,
				A9F9C2111CF485C600AB310C /* Logo_Splash_Vertical.png */,
			);
			name = LogoSplash;
			sourceTree = "<group>";
		};
		A9F9C2141CF4872900AB310C /* Res */ = {
			isa = PBXGroup;
			children = (
				A9D76AEF1CF5FB4B00F7FB47 /* FiltersOverlay */,
				A9F9C2131CF4871F00AB310C /* LogoSplash */,
			);
			name = Res;
			sourceTree = "<group>";
		};
/* End PBXGroup section */

/* Begin PBXNativeTarget section */
		A95B24301CD8890900F78AAF /* Videona */ = {
			isa = PBXNativeTarget;
			buildConfigurationList = A95B24591CD8890A00F78AAF /* Build configuration list for PBXNativeTarget "Videona" */;
			buildPhases = (
				A95B242D1CD8890900F78AAF /* Sources */,
				A95B242E1CD8890900F78AAF /* Frameworks */,
				A95B242F1CD8890900F78AAF /* Resources */,
				A965C7F91CF586E4001E2D39 /* CopyFiles */,
			);
			buildRules = (
			);
			dependencies = (
				A98A93B41CF5886D004E1DB7 /* PBXTargetDependency */,
			);
			name = Videona;
			productName = Videona;
			productReference = A95B24311CD8890900F78AAF /* Videona.app */;
			productType = "com.apple.product-type.application";
		};
		A95B24441CD8890A00F78AAF /* VideonaTests */ = {
			isa = PBXNativeTarget;
			buildConfigurationList = A95B245C1CD8890A00F78AAF /* Build configuration list for PBXNativeTarget "VideonaTests" */;
			buildPhases = (
				A95B24411CD8890A00F78AAF /* Sources */,
				A95B24421CD8890A00F78AAF /* Frameworks */,
				A95B24431CD8890A00F78AAF /* Resources */,
			);
			buildRules = (
			);
			dependencies = (
				A95B24471CD8890A00F78AAF /* PBXTargetDependency */,
			);
			name = VideonaTests;
			productName = VideonaTests;
			productReference = A95B24451CD8890A00F78AAF /* VideonaTests.xctest */;
			productType = "com.apple.product-type.bundle.unit-test";
		};
		A95B244F1CD8890A00F78AAF /* VideonaUITests */ = {
			isa = PBXNativeTarget;
			buildConfigurationList = A95B245F1CD8890A00F78AAF /* Build configuration list for PBXNativeTarget "VideonaUITests" */;
			buildPhases = (
				A95B244C1CD8890A00F78AAF /* Sources */,
				A95B244D1CD8890A00F78AAF /* Frameworks */,
				A95B244E1CD8890A00F78AAF /* Resources */,
			);
			buildRules = (
			);
			dependencies = (
				A95B24521CD8890A00F78AAF /* PBXTargetDependency */,
			);
			name = VideonaUITests;
			productName = VideonaUITests;
			productReference = A95B24501CD8890A00F78AAF /* VideonaUITests.xctest */;
			productType = "com.apple.product-type.bundle.ui-testing";
		};
/* End PBXNativeTarget section */

/* Begin PBXProject section */
		A95B24291CD8890900F78AAF /* Project object */ = {
			isa = PBXProject;
			attributes = {
				LastSwiftUpdateCheck = 0730;
				LastUpgradeCheck = 0730;
				ORGANIZATIONNAME = Videona;
				TargetAttributes = {
					A95B24301CD8890900F78AAF = {
						CreatedOnToolsVersion = 7.3;
						DevelopmentTeam = ZJPH8FQZB2;
					};
					A95B24441CD8890A00F78AAF = {
						CreatedOnToolsVersion = 7.3;
						TestTargetID = A95B24301CD8890900F78AAF;
					};
					A95B244F1CD8890A00F78AAF = {
						CreatedOnToolsVersion = 7.3;
						TestTargetID = A95B24301CD8890900F78AAF;
					};
				};
			};
			buildConfigurationList = A95B242C1CD8890900F78AAF /* Build configuration list for PBXProject "Videona" */;
			compatibilityVersion = "Xcode 3.2";
			developmentRegion = English;
			hasScannedForEncodings = 0;
			knownRegions = (
				en,
				Base,
			);
			mainGroup = A95B24281CD8890900F78AAF;
			productRefGroup = A95B24321CD8890900F78AAF /* Products */;
			projectDirPath = "";
			projectReferences = (
				{
					ProductGroup = A98A93AA1CF58866004E1DB7 /* Products */;
					ProjectRef = A918B89A1CF5878D0013D68F /* GPUImage.xcodeproj */;
				},
			);
			projectRoot = "";
			targets = (
				A95B24301CD8890900F78AAF /* Videona */,
				A95B24441CD8890A00F78AAF /* VideonaTests */,
				A95B244F1CD8890A00F78AAF /* VideonaUITests */,
			);
		};
/* End PBXProject section */

/* Begin PBXReferenceProxy section */
		A98A93B01CF58866004E1DB7 /* libGPUImage.a */ = {
			isa = PBXReferenceProxy;
			fileType = archive.ar;
			path = libGPUImage.a;
			remoteRef = A98A93AF1CF58866004E1DB7 /* PBXContainerItemProxy */;
			sourceTree = BUILT_PRODUCTS_DIR;
		};
		A98A93B21CF58866004E1DB7 /* GPUImage.framework */ = {
			isa = PBXReferenceProxy;
			fileType = wrapper.framework;
			path = GPUImage.framework;
			remoteRef = A98A93B11CF58866004E1DB7 /* PBXContainerItemProxy */;
			sourceTree = BUILT_PRODUCTS_DIR;
		};
/* End PBXReferenceProxy section */

/* Begin PBXResourcesBuildPhase section */
		A95B242F1CD8890900F78AAF /* Resources */ = {
			isa = PBXResourcesBuildPhase;
			buildActionMask = 2147483647;
			files = (
				A9F9C2121CF485C600AB310C /* Logo_Splash_Vertical.png in Resources */,
				A9F9C2101CF4857700AB310C /* Logo_Splash_Horizontal.png in Resources */,
				A9D76B111CF5FB8700F7FB47 /* rain.png in Resources */,
				A9D76B091CF5FB8700F7FB47 /* dark.png in Resources */,
				A9D76B161CF5FB8700F7FB47 /* texture.png in Resources */,
				A9D76B071CF5FB8700F7FB47 /* cctv.png in Resources */,
				A95D3BF31CEB76D7001F2272 /* video.mp4 in Resources */,
				A9D76B081CF5FB8700F7FB47 /* color_stain.png in Resources */,
				A94301691CE5CF5800DC0DF8 /* PlayerView.xib in Resources */,
				A9D76B151CF5FB8700F7FB47 /* sunset.png in Resources */,
				A9D76B0E1CF5FB8700F7FB47 /* pastel.png in Resources */,
				A9D76B101CF5FB8700F7FB47 /* pride.png in Resources */,
				A95B243F1CD8890900F78AAF /* LaunchScreen.storyboard in Resources */,
				A9D76B131CF5FB8700F7FB47 /* spring.png in Resources */,
				A93846F71CE49340007FB6BC /* FilterListView.xib in Resources */,
				A9D76B0A1CF5FB8700F7FB47 /* game.jpg in Resources */,
				A9D76B171CF5FB8700F7FB47 /* wasted.png in Resources */,
				A9D76B041CF5FB8700F7FB47 /* autumn.png in Resources */,
				A95B243C1CD8890900F78AAF /* Assets.xcassets in Resources */,
				A9D76B0D1CF5FB8700F7FB47 /* passion.png in Resources */,
				A9D76B0F1CF5FB8700F7FB47 /* polaroid.png in Resources */,
				A9E066EB1CE4E13800D4E11D /* ShareCell.xib in Resources */,
				A95B243A1CD8890900F78AAF /* Main.storyboard in Resources */,
				A9D76B051CF5FB8700F7FB47 /* bokeh.png in Resources */,
				A9D76B0B1CF5FB8700F7FB47 /* mist.png in Resources */,
				A9D76B061CF5FB8700F7FB47 /* burn.png in Resources */,
				A9D76B0C1CF5FB8700F7FB47 /* old.png in Resources */,
				A9D76B141CF5FB8700F7FB47 /* summer.png in Resources */,
				A95628D51CF734F900EE4B85 /* filter_free.png in Resources */,
				A9D76B121CF5FB8700F7FB47 /* retrotv.png in Resources */,
				A9E066E91CE4C85900D4E11D /* FilterCell.xib in Resources */,
			);
			runOnlyForDeploymentPostprocessing = 0;
		};
		A95B24431CD8890A00F78AAF /* Resources */ = {
			isa = PBXResourcesBuildPhase;
			buildActionMask = 2147483647;
			files = (
			);
			runOnlyForDeploymentPostprocessing = 0;
		};
		A95B244E1CD8890A00F78AAF /* Resources */ = {
			isa = PBXResourcesBuildPhase;
			buildActionMask = 2147483647;
			files = (
			);
			runOnlyForDeploymentPostprocessing = 0;
		};
/* End PBXResourcesBuildPhase section */

/* Begin PBXSourcesBuildPhase section */
		A95B242D1CD8890900F78AAF /* Sources */ = {
			isa = PBXSourcesBuildPhase;
			buildActionMask = 2147483647;
			files = (
				A94301741CE5DFA100DC0DF8 /* ShareInteractorInterface.swift in Sources */,
				A9E066E71CE4C5C700D4E11D /* FilterViewCell.swift in Sources */,
				A95B248B1CD8ED2200F78AAF /* IntroViewController.swift in Sources */,
				A9B118171CE378B9001A1177 /* SharePresenter.swift in Sources */,
				A99278551CE3650C009DC364 /* SettingsViewController.swift in Sources */,
				A943015F1CE5CF2000DC0DF8 /* PlayerPresenter.swift in Sources */,
				A95D3BEE1CEB72CC001F2272 /* PlayerInteractor.swift in Sources */,
				A94301651CE5CF4600DC0DF8 /* PlayerInterface.swift in Sources */,
				A9B1181F1CE378E8001A1177 /* ShareWireframe.swift in Sources */,
				A9B1181B1CE378D3001A1177 /* ShareViewController.swift in Sources */,
				A93846F31CE4809F007FB6BC /* FilterListDismissalTransition.swift in Sources */,
				A96733001CE630AD007BE340 /* SettingsInteractorInterface.swift in Sources */,
				A94301701CE5DAA100DC0DF8 /* SocialNetworkProvider.swift in Sources */,
				A965BDC31CDA1171002579CA /* IntroPresenterInterface.swift in Sources */,
				A93846EE1CE47EF0007FB6BC /* FilterListInterface.swift in Sources */,
				A95B24761CD8B90700F78AAF /* AppDependencies.swift in Sources */,
				A9E066ED1CE4E4E200D4E11D /* ShareCell.swift in Sources */,
				A95B24371CD8890900F78AAF /* RecordController.swift in Sources */,
				A965BDC11CDA0F1D002579CA /* IntroViewInterface.swift in Sources */,
				A9E066D91CE4B4E000D4E11D /* Effect.swift in Sources */,
				A98A93C41CF5BAF6004E1DB7 /* EffectDictionary.swift in Sources */,
				A93846EC1CE47EE2007FB6BC /* FilterListView.swift in Sources */,
				A95D3BEA1CEB7158001F2272 /* PlayerProvider.swift in Sources */,
				A94301611CE5CF2700DC0DF8 /* PlayerPresenterInterface.swift in Sources */,
				A99278531CE364E6009DC364 /* SettingsPresenterInterface.swift in Sources */,
				A98A93BD1CF59155004E1DB7 /* ChangeFilterInteractor.swift in Sources */,
				A95D3BF01CEB7356001F2272 /* PlayerInteractorInterface.swift in Sources */,
				A94301631CE5CF3900DC0DF8 /* PlayerView.swift in Sources */,
				A9E066DB1CE4B4EE00D4E11D /* OverlayEffect.swift in Sources */,
				A95B247A1CD8B96E00F78AAF /* RootWireframe.swift in Sources */,
				A98A93BB1CF5903C004E1DB7 /* AddFilterInteractor.swift in Sources */,
				A99278591CE36524009DC364 /* SettingsWireframe.swift in Sources */,
				A94301721CE5DD8B00DC0DF8 /* ShareInteractor.swift in Sources */,
				A9E066E41CE4BB8300D4E11D /* ConfigPreferences.swift in Sources */,
				A95D3BE31CEB6B77001F2272 /* Utils.swift in Sources */,
				A943016E1CE5D99E00DC0DF8 /* SocialNetwork.swift in Sources */,
				A9B1181D1CE378DC001A1177 /* ShareInterface.swift in Sources */,
				A965C7EC1CF58467001E2D39 /* CameraInteractor.swift in Sources */,
				A99278501CE3647B009DC364 /* SettingsPresenter.swift in Sources */,
				A9E066DF1CE4BA0700D4E11D /* EffectProvider.swift in Sources */,
				A9E066E51CE4BB8300D4E11D /* AnalitycsConstants.swift in Sources */,
				A94301781CE5EEED00DC0DF8 /* FilterListInteractorInterface.swift in Sources */,
				A95D3BDE1CEB0320001F2272 /* SettingsContent.swift in Sources */,
				A93846EA1CE47E9C007FB6BC /* FilterListPresenterInterface.swift in Sources */,
				A95B246B1CD88AC100F78AAF /* RecordWireframe.swift in Sources */,
				A9B118191CE378C2001A1177 /* SharePresenterInterface.swift in Sources */,
				A96732FE1CE6309C007BE340 /* SettingsInteractor.swift in Sources */,
				A965BDBF1CDA076C002579CA /* IntroWireframe.swift in Sources */,
				A95B24351CD8890900F78AAF /* AppDelegate.swift in Sources */,
				A95B24711CD88C4B00F78AAF /* RecordPresenter.swift in Sources */,
				A9F9C2491CF49F5D00AB310C /* ShowFlashInteractor.swift in Sources */,
				A94301761CE5EEE200DC0DF8 /* FilterListInteractor.swift in Sources */,
				A95D3BE81CEB7141001F2272 /* PlayerItem.swift in Sources */,
				A93846F51CE480AA007FB6BC /* FilterListPresentationTransition.swift in Sources */,
				A93846E81CE47E82007FB6BC /* FilterListPresenter.swift in Sources */,
				A95B247C1CD8B9F200F78AAF /* RecordPresenterInterfaceIO.swift in Sources */,
				A9E066DD1CE4B4F500D4E11D /* ShaderEffect.swift in Sources */,
				A9D76AE71CF5E9CB00F7FB47 /* RemoveFilterInteractor.swift in Sources */,
				A93846F01CE47F67007FB6BC /* FilterListWireframe.swift in Sources */,
				A95B246E1CD88C2D00F78AAF /* RecordViewInterface.swift in Sources */,
				A99278571CE36517009DC364 /* SettingsInterface.swift in Sources */,
				A965BDBC1CDA0758002579CA /* IntroPresenter.swift in Sources */,
				A94301671CE5CF4F00DC0DF8 /* PlayerWireframe.swift in Sources */,
				A9F9C20E1CF4665000AB310C /* VideonaController.swift in Sources */,
				A95D3BE01CEB045F001F2272 /* SettingsProvider.swift in Sources */,
			);
			runOnlyForDeploymentPostprocessing = 0;
		};
		A95B24411CD8890A00F78AAF /* Sources */ = {
			isa = PBXSourcesBuildPhase;
			buildActionMask = 2147483647;
			files = (
				A95628CD1CF6FE1400EE4B85 /* AddFilterInteractorTest.swift in Sources */,
				A95628D31CF7157500EE4B85 /* EffectTest.swift in Sources */,
				A95B244A1CD8890A00F78AAF /* VideonaTests.swift in Sources */,
			);
			runOnlyForDeploymentPostprocessing = 0;
		};
		A95B244C1CD8890A00F78AAF /* Sources */ = {
			isa = PBXSourcesBuildPhase;
			buildActionMask = 2147483647;
			files = (
				A95628CF1CF7049100EE4B85 /* VideonaUITests.swift in Sources */,
				A95628D11CF70A1300EE4B85 /* ShowFlashUITest.swift in Sources */,
			);
			runOnlyForDeploymentPostprocessing = 0;
		};
/* End PBXSourcesBuildPhase section */

/* Begin PBXTargetDependency section */
		A95B24471CD8890A00F78AAF /* PBXTargetDependency */ = {
			isa = PBXTargetDependency;
			target = A95B24301CD8890900F78AAF /* Videona */;
			targetProxy = A95B24461CD8890A00F78AAF /* PBXContainerItemProxy */;
		};
		A95B24521CD8890A00F78AAF /* PBXTargetDependency */ = {
			isa = PBXTargetDependency;
			target = A95B24301CD8890900F78AAF /* Videona */;
			targetProxy = A95B24511CD8890A00F78AAF /* PBXContainerItemProxy */;
		};
		A98A93B41CF5886D004E1DB7 /* PBXTargetDependency */ = {
			isa = PBXTargetDependency;
			name = GPUImageFramework;
			targetProxy = A98A93B31CF5886D004E1DB7 /* PBXContainerItemProxy */;
		};
/* End PBXTargetDependency section */

/* Begin PBXVariantGroup section */
		A95B24381CD8890900F78AAF /* Main.storyboard */ = {
			isa = PBXVariantGroup;
			children = (
				A95B24391CD8890900F78AAF /* Base */,
			);
			name = Main.storyboard;
			sourceTree = "<group>";
		};
		A95B243D1CD8890900F78AAF /* LaunchScreen.storyboard */ = {
			isa = PBXVariantGroup;
			children = (
				A95B243E1CD8890900F78AAF /* Base */,
			);
			name = LaunchScreen.storyboard;
			sourceTree = "<group>";
		};
/* End PBXVariantGroup section */

/* Begin XCBuildConfiguration section */
		A95B24571CD8890A00F78AAF /* Debug */ = {
			isa = XCBuildConfiguration;
			buildSettings = {
				ALWAYS_SEARCH_USER_PATHS = NO;
				CLANG_ANALYZER_NONNULL = YES;
				CLANG_CXX_LANGUAGE_STANDARD = "gnu++0x";
				CLANG_CXX_LIBRARY = "libc++";
				CLANG_ENABLE_MODULES = YES;
				CLANG_ENABLE_OBJC_ARC = YES;
				CLANG_WARN_BOOL_CONVERSION = YES;
				CLANG_WARN_CONSTANT_CONVERSION = YES;
				CLANG_WARN_DIRECT_OBJC_ISA_USAGE = YES_ERROR;
				CLANG_WARN_EMPTY_BODY = YES;
				CLANG_WARN_ENUM_CONVERSION = YES;
				CLANG_WARN_INT_CONVERSION = YES;
				CLANG_WARN_OBJC_ROOT_CLASS = YES_ERROR;
				CLANG_WARN_UNREACHABLE_CODE = YES;
				CLANG_WARN__DUPLICATE_METHOD_MATCH = YES;
				"CODE_SIGN_IDENTITY[sdk=iphoneos*]" = "iPhone Developer";
				COPY_PHASE_STRIP = NO;
				DEBUG_INFORMATION_FORMAT = dwarf;
				ENABLE_STRICT_OBJC_MSGSEND = YES;
				ENABLE_TESTABILITY = YES;
				GCC_C_LANGUAGE_STANDARD = gnu99;
				GCC_DYNAMIC_NO_PIC = NO;
				GCC_NO_COMMON_BLOCKS = YES;
				GCC_OPTIMIZATION_LEVEL = 0;
				GCC_PREPROCESSOR_DEFINITIONS = (
					"DEBUG=1",
					"$(inherited)",
				);
				GCC_WARN_64_TO_32_BIT_CONVERSION = YES;
				GCC_WARN_ABOUT_RETURN_TYPE = YES_ERROR;
				GCC_WARN_UNDECLARED_SELECTOR = YES;
				GCC_WARN_UNINITIALIZED_AUTOS = YES_AGGRESSIVE;
				GCC_WARN_UNUSED_FUNCTION = YES;
				GCC_WARN_UNUSED_VARIABLE = YES;
				IPHONEOS_DEPLOYMENT_TARGET = 9.3;
				MTL_ENABLE_DEBUG_INFO = YES;
				ONLY_ACTIVE_ARCH = YES;
				SDKROOT = iphoneos;
				SWIFT_OPTIMIZATION_LEVEL = "-Onone";
				TARGETED_DEVICE_FAMILY = "1,2";
			};
			name = Debug;
		};
		A95B24581CD8890A00F78AAF /* Release */ = {
			isa = XCBuildConfiguration;
			buildSettings = {
				ALWAYS_SEARCH_USER_PATHS = NO;
				CLANG_ANALYZER_NONNULL = YES;
				CLANG_CXX_LANGUAGE_STANDARD = "gnu++0x";
				CLANG_CXX_LIBRARY = "libc++";
				CLANG_ENABLE_MODULES = YES;
				CLANG_ENABLE_OBJC_ARC = YES;
				CLANG_WARN_BOOL_CONVERSION = YES;
				CLANG_WARN_CONSTANT_CONVERSION = YES;
				CLANG_WARN_DIRECT_OBJC_ISA_USAGE = YES_ERROR;
				CLANG_WARN_EMPTY_BODY = YES;
				CLANG_WARN_ENUM_CONVERSION = YES;
				CLANG_WARN_INT_CONVERSION = YES;
				CLANG_WARN_OBJC_ROOT_CLASS = YES_ERROR;
				CLANG_WARN_UNREACHABLE_CODE = YES;
				CLANG_WARN__DUPLICATE_METHOD_MATCH = YES;
				"CODE_SIGN_IDENTITY[sdk=iphoneos*]" = "iPhone Developer";
				COPY_PHASE_STRIP = NO;
				DEBUG_INFORMATION_FORMAT = "dwarf-with-dsym";
				ENABLE_NS_ASSERTIONS = NO;
				ENABLE_STRICT_OBJC_MSGSEND = YES;
				GCC_C_LANGUAGE_STANDARD = gnu99;
				GCC_NO_COMMON_BLOCKS = YES;
				GCC_WARN_64_TO_32_BIT_CONVERSION = YES;
				GCC_WARN_ABOUT_RETURN_TYPE = YES_ERROR;
				GCC_WARN_UNDECLARED_SELECTOR = YES;
				GCC_WARN_UNINITIALIZED_AUTOS = YES_AGGRESSIVE;
				GCC_WARN_UNUSED_FUNCTION = YES;
				GCC_WARN_UNUSED_VARIABLE = YES;
				IPHONEOS_DEPLOYMENT_TARGET = 9.3;
				MTL_ENABLE_DEBUG_INFO = NO;
				SDKROOT = iphoneos;
				TARGETED_DEVICE_FAMILY = "1,2";
				VALIDATE_PRODUCT = YES;
			};
			name = Release;
		};
		A95B245A1CD8890A00F78AAF /* Debug */ = {
			isa = XCBuildConfiguration;
			buildSettings = {
				ASSETCATALOG_COMPILER_APPICON_NAME = AppIcon;
				CODE_SIGN_IDENTITY = "";
				"CODE_SIGN_IDENTITY[sdk=iphoneos*]" = "";
				INFOPLIST_FILE = Videona/Info.plist;
				LD_RUNPATH_SEARCH_PATHS = "$(inherited) @executable_path/Frameworks";
				PRODUCT_BUNDLE_IDENTIFIER = com.videona.videona;
				PRODUCT_NAME = "$(TARGET_NAME)";
				PROVISIONING_PROFILE = "e0f5a145-4063-4cf8-a2fe-042239f6cdb8";
			};
			name = Debug;
		};
		A95B245B1CD8890A00F78AAF /* Release */ = {
			isa = XCBuildConfiguration;
			buildSettings = {
				ASSETCATALOG_COMPILER_APPICON_NAME = AppIcon;
				CODE_SIGN_IDENTITY = "";
				"CODE_SIGN_IDENTITY[sdk=iphoneos*]" = "";
				INFOPLIST_FILE = Videona/Info.plist;
				LD_RUNPATH_SEARCH_PATHS = "$(inherited) @executable_path/Frameworks";
				PRODUCT_BUNDLE_IDENTIFIER = com.videona.videona;
				PRODUCT_NAME = "$(TARGET_NAME)";
				PROVISIONING_PROFILE = "e0f5a145-4063-4cf8-a2fe-042239f6cdb8";
			};
			name = Release;
		};
		A95B245D1CD8890A00F78AAF /* Debug */ = {
			isa = XCBuildConfiguration;
			buildSettings = {
				BUNDLE_LOADER = "$(TEST_HOST)";
				CODE_SIGN_IDENTITY = "iPhone Developer: Iago Fernández cedron (JVQF87BH8Q)";
				"CODE_SIGN_IDENTITY[sdk=iphoneos*]" = "iPhone Developer: Iago Fernández cedron (JVQF87BH8Q)";
				INFOPLIST_FILE = VideonaTests/Info.plist;
				LD_RUNPATH_SEARCH_PATHS = "$(inherited) @executable_path/Frameworks @loader_path/Frameworks";
				PRODUCT_BUNDLE_IDENTIFIER = com.Videona.VideonaTests;
				PRODUCT_NAME = "$(TARGET_NAME)";
				PROVISIONING_PROFILE = "e0f5a145-4063-4cf8-a2fe-042239f6cdb8";
				TEST_HOST = "$(BUILT_PRODUCTS_DIR)/Videona.app/Videona";
			};
			name = Debug;
		};
		A95B245E1CD8890A00F78AAF /* Release */ = {
			isa = XCBuildConfiguration;
			buildSettings = {
				BUNDLE_LOADER = "$(TEST_HOST)";
				CODE_SIGN_IDENTITY = "iPhone Developer: Iago Fernández cedron (JVQF87BH8Q)";
				"CODE_SIGN_IDENTITY[sdk=iphoneos*]" = "iPhone Developer: Iago Fernández cedron (JVQF87BH8Q)";
				INFOPLIST_FILE = VideonaTests/Info.plist;
				LD_RUNPATH_SEARCH_PATHS = "$(inherited) @executable_path/Frameworks @loader_path/Frameworks";
				PRODUCT_BUNDLE_IDENTIFIER = com.Videona.VideonaTests;
				PRODUCT_NAME = "$(TARGET_NAME)";
				PROVISIONING_PROFILE = "e0f5a145-4063-4cf8-a2fe-042239f6cdb8";
				TEST_HOST = "$(BUILT_PRODUCTS_DIR)/Videona.app/Videona";
			};
			name = Release;
		};
		A95B24601CD8890A00F78AAF /* Debug */ = {
			isa = XCBuildConfiguration;
			buildSettings = {
				CLANG_ENABLE_MODULES = YES;
				CODE_SIGN_IDENTITY = "";
				"CODE_SIGN_IDENTITY[sdk=iphoneos*]" = "";
				INFOPLIST_FILE = VideonaUITests/Info.plist;
				LD_RUNPATH_SEARCH_PATHS = "$(inherited) @executable_path/Frameworks @loader_path/Frameworks";
				PRODUCT_BUNDLE_IDENTIFIER = com.Videona.VideonaUITests;
				PRODUCT_NAME = "$(TARGET_NAME)";
				PROVISIONING_PROFILE = "e765f048-618c-4d1c-84bd-3bf1bd940a42";
				SWIFT_OPTIMIZATION_LEVEL = "-Onone";
				TEST_TARGET_NAME = Videona;
			};
			name = Debug;
		};
		A95B24611CD8890A00F78AAF /* Release */ = {
			isa = XCBuildConfiguration;
			buildSettings = {
				CLANG_ENABLE_MODULES = YES;
				CODE_SIGN_IDENTITY = "";
				"CODE_SIGN_IDENTITY[sdk=iphoneos*]" = "";
				INFOPLIST_FILE = VideonaUITests/Info.plist;
				LD_RUNPATH_SEARCH_PATHS = "$(inherited) @executable_path/Frameworks @loader_path/Frameworks";
				PRODUCT_BUNDLE_IDENTIFIER = com.Videona.VideonaUITests;
				PRODUCT_NAME = "$(TARGET_NAME)";
				PROVISIONING_PROFILE = "e765f048-618c-4d1c-84bd-3bf1bd940a42";
				TEST_TARGET_NAME = Videona;
			};
			name = Release;
		};
/* End XCBuildConfiguration section */

/* Begin XCConfigurationList section */
		A95B242C1CD8890900F78AAF /* Build configuration list for PBXProject "Videona" */ = {
			isa = XCConfigurationList;
			buildConfigurations = (
				A95B24571CD8890A00F78AAF /* Debug */,
				A95B24581CD8890A00F78AAF /* Release */,
			);
			defaultConfigurationIsVisible = 0;
			defaultConfigurationName = Release;
		};
		A95B24591CD8890A00F78AAF /* Build configuration list for PBXNativeTarget "Videona" */ = {
			isa = XCConfigurationList;
			buildConfigurations = (
				A95B245A1CD8890A00F78AAF /* Debug */,
				A95B245B1CD8890A00F78AAF /* Release */,
			);
			defaultConfigurationIsVisible = 0;
			defaultConfigurationName = Release;
		};
		A95B245C1CD8890A00F78AAF /* Build configuration list for PBXNativeTarget "VideonaTests" */ = {
			isa = XCConfigurationList;
			buildConfigurations = (
				A95B245D1CD8890A00F78AAF /* Debug */,
				A95B245E1CD8890A00F78AAF /* Release */,
			);
			defaultConfigurationIsVisible = 0;
			defaultConfigurationName = Release;
		};
		A95B245F1CD8890A00F78AAF /* Build configuration list for PBXNativeTarget "VideonaUITests" */ = {
			isa = XCConfigurationList;
			buildConfigurations = (
				A95B24601CD8890A00F78AAF /* Debug */,
				A95B24611CD8890A00F78AAF /* Release */,
			);
			defaultConfigurationIsVisible = 0;
			defaultConfigurationName = Release;
		};
/* End XCConfigurationList section */
	};
	rootObject = A95B24291CD8890900F78AAF /* Project object */;
}
